// !$*UTF8*$!
{
	archiveVersion = 1;
	classes = {
	};
	objectVersion = 46;
	objects = {

/* Begin PBXBuildFile section */
		03301f739909bb01259b059a /* background.jpeg in Resources */ = {isa = PBXBuildFile; fileRef = 1CD20C0515C19934004DB60E /* background.jpeg */; };
		047b754bc89e312f415b9254 /* h7.png in Resources */ = {isa = PBXBuildFile; fileRef = 1C2576C815C041350069F3D0 /* h7.png */; };
		04cfb6cb97feb2bf3d500667 /* jr.png in Resources */ = {isa = PBXBuildFile; fileRef = 1C2576D115C041360069F3D0 /* jr.png */; };
		09c0e9fab79d101cb2344b55 /* LDNGoFishPlayer.m in Sources */ = {isa = PBXBuildFile; fileRef = 1C1FC7E815BDD245009393A1 /* LDNGoFishPlayer.m */; };
		16dc20bdf07341e1e366a46b /* s7.png in Resources */ = {isa = PBXBuildFile; fileRef = 1C2576D715C041360069F3D0 /* s7.png */; };
		1C07503B15F2BF01003D45CC /* card-table.png in Resources */ = {isa = PBXBuildFile; fileRef = 1C07503A15F2BF01003D45CC /* card-table.png */; };
		1C1212D315C1D2FF005EF4BC /* backs_blue_rotated.png in Resources */ = {isa = PBXBuildFile; fileRef = 1C1212D215C1D2FF005EF4BC /* backs_blue_rotated.png */; };
		1C1FC7A515BDC785009393A1 /* UIKit.framework in Frameworks */ = {isa = PBXBuildFile; fileRef = 1C1FC7A415BDC785009393A1 /* UIKit.framework */; };
		1C1FC7A715BDC785009393A1 /* Foundation.framework in Frameworks */ = {isa = PBXBuildFile; fileRef = 1C1FC7A615BDC785009393A1 /* Foundation.framework */; };
		1C1FC7A915BDC785009393A1 /* CoreGraphics.framework in Frameworks */ = {isa = PBXBuildFile; fileRef = 1C1FC7A815BDC785009393A1 /* CoreGraphics.framework */; };
		1C1FC7AF15BDC785009393A1 /* InfoPlist.strings in Resources */ = {isa = PBXBuildFile; fileRef = 1C1FC7AD15BDC785009393A1 /* InfoPlist.strings */; };
		1C1FC7B115BDC785009393A1 /* main.m in Sources */ = {isa = PBXBuildFile; fileRef = 1C1FC7B015BDC785009393A1 /* main.m */; };
		1C1FC7B515BDC785009393A1 /* LDNAppDelegate.m in Sources */ = {isa = PBXBuildFile; fileRef = 1C1FC7B415BDC785009393A1 /* LDNAppDelegate.m */; };
		1C1FC7B815BDC785009393A1 /* MainStoryboard_iPhone.storyboard in Resources */ = {isa = PBXBuildFile; fileRef = 1C1FC7B615BDC785009393A1 /* MainStoryboard_iPhone.storyboard */; };
		1C1FC7BB15BDC785009393A1 /* MainStoryboard_iPad.storyboard in Resources */ = {isa = PBXBuildFile; fileRef = 1C1FC7B915BDC785009393A1 /* MainStoryboard_iPad.storyboard */; };
		1C1FC7BE15BDC785009393A1 /* LDNViewController.m in Sources */ = {isa = PBXBuildFile; fileRef = 1C1FC7BD15BDC785009393A1 /* LDNViewController.m */; };
		1C1FC7C715BDC785009393A1 /* UIKit.framework in Frameworks */ = {isa = PBXBuildFile; fileRef = 1C1FC7A415BDC785009393A1 /* UIKit.framework */; };
		1C1FC7C815BDC785009393A1 /* Foundation.framework in Frameworks */ = {isa = PBXBuildFile; fileRef = 1C1FC7A615BDC785009393A1 /* Foundation.framework */; };
		1C1FC7D015BDC785009393A1 /* InfoPlist.strings in Resources */ = {isa = PBXBuildFile; fileRef = 1C1FC7CE15BDC785009393A1 /* InfoPlist.strings */; };
		1C1FC7E215BDC869009393A1 /* LDNGoFishGameTests.m in Sources */ = {isa = PBXBuildFile; fileRef = 1C1FC7E115BDC869009393A1 /* LDNGoFishGameTests.m */; };
		1C1FC7E515BDCA82009393A1 /* LDNGoFishGame.m in Sources */ = {isa = PBXBuildFile; fileRef = 1C1FC7E415BDCA82009393A1 /* LDNGoFishGame.m */; };
		1C1FC7E615BDCA82009393A1 /* LDNGoFishGame.m in Sources */ = {isa = PBXBuildFile; fileRef = 1C1FC7E415BDCA82009393A1 /* LDNGoFishGame.m */; };
		1C1FC7E915BDD245009393A1 /* LDNGoFishPlayer.m in Sources */ = {isa = PBXBuildFile; fileRef = 1C1FC7E815BDD245009393A1 /* LDNGoFishPlayer.m */; };
		1C1FC7EA15BDD245009393A1 /* LDNGoFishPlayer.m in Sources */ = {isa = PBXBuildFile; fileRef = 1C1FC7E815BDD245009393A1 /* LDNGoFishPlayer.m */; };
		1C1FC7ED15BDD728009393A1 /* LDNDeckOfCards.m in Sources */ = {isa = PBXBuildFile; fileRef = 1C1FC7EC15BDD728009393A1 /* LDNDeckOfCards.m */; };
		1C1FC7EE15BDD728009393A1 /* LDNDeckOfCards.m in Sources */ = {isa = PBXBuildFile; fileRef = 1C1FC7EC15BDD728009393A1 /* LDNDeckOfCards.m */; };
		1C1FC7F215BDD96D009393A1 /* LDNDeckOfCardsTests.m in Sources */ = {isa = PBXBuildFile; fileRef = 1C1FC7F015BDD96D009393A1 /* LDNDeckOfCardsTests.m */; };
		1C1FC7F715BDE17D009393A1 /* LDNPlayingCard.m in Sources */ = {isa = PBXBuildFile; fileRef = 1C1FC7F615BDE17D009393A1 /* LDNPlayingCard.m */; };
		1C1FC7F815BDE17D009393A1 /* LDNPlayingCard.m in Sources */ = {isa = PBXBuildFile; fileRef = 1C1FC7F615BDE17D009393A1 /* LDNPlayingCard.m */; };
		1C2576DF15C041380069F3D0 /* backs_blue.png in Resources */ = {isa = PBXBuildFile; fileRef = 1C2576A615C041330069F3D0 /* backs_blue.png */; };
		1C2576E015C041380069F3D0 /* backs_red.png in Resources */ = {isa = PBXBuildFile; fileRef = 1C2576A715C041330069F3D0 /* backs_red.png */; };
		1C2576E115C041380069F3D0 /* c2.png in Resources */ = {isa = PBXBuildFile; fileRef = 1C2576A815C041330069F3D0 /* c2.png */; };
		1C2576E215C041380069F3D0 /* c3.png in Resources */ = {isa = PBXBuildFile; fileRef = 1C2576A915C041330069F3D0 /* c3.png */; };
		1C2576E315C041380069F3D0 /* c4.png in Resources */ = {isa = PBXBuildFile; fileRef = 1C2576AA15C041340069F3D0 /* c4.png */; };
		1C2576E415C041380069F3D0 /* c5.png in Resources */ = {isa = PBXBuildFile; fileRef = 1C2576AB15C041340069F3D0 /* c5.png */; };
		1C2576E515C041380069F3D0 /* c6.png in Resources */ = {isa = PBXBuildFile; fileRef = 1C2576AC15C041340069F3D0 /* c6.png */; };
		1C2576E615C041380069F3D0 /* c7.png in Resources */ = {isa = PBXBuildFile; fileRef = 1C2576AD15C041340069F3D0 /* c7.png */; };
		1C2576E715C041380069F3D0 /* c8.png in Resources */ = {isa = PBXBuildFile; fileRef = 1C2576AE15C041340069F3D0 /* c8.png */; };
		1C2576E815C041380069F3D0 /* c9.png in Resources */ = {isa = PBXBuildFile; fileRef = 1C2576AF15C041340069F3D0 /* c9.png */; };
		1C2576E915C041380069F3D0 /* c10.png in Resources */ = {isa = PBXBuildFile; fileRef = 1C2576B015C041340069F3D0 /* c10.png */; };
		1C2576EA15C041380069F3D0 /* ca.png in Resources */ = {isa = PBXBuildFile; fileRef = 1C2576B115C041340069F3D0 /* ca.png */; };
		1C2576EB15C041380069F3D0 /* cj.png in Resources */ = {isa = PBXBuildFile; fileRef = 1C2576B215C041340069F3D0 /* cj.png */; };
		1C2576EC15C041380069F3D0 /* ck.png in Resources */ = {isa = PBXBuildFile; fileRef = 1C2576B315C041340069F3D0 /* ck.png */; };
		1C2576ED15C041380069F3D0 /* cq.png in Resources */ = {isa = PBXBuildFile; fileRef = 1C2576B415C041340069F3D0 /* cq.png */; };
		1C2576EE15C041380069F3D0 /* d2.png in Resources */ = {isa = PBXBuildFile; fileRef = 1C2576B515C041340069F3D0 /* d2.png */; };
		1C2576EF15C041380069F3D0 /* d3.png in Resources */ = {isa = PBXBuildFile; fileRef = 1C2576B615C041340069F3D0 /* d3.png */; };
		1C2576F015C041380069F3D0 /* d4.png in Resources */ = {isa = PBXBuildFile; fileRef = 1C2576B715C041340069F3D0 /* d4.png */; };
		1C2576F115C041380069F3D0 /* d5.png in Resources */ = {isa = PBXBuildFile; fileRef = 1C2576B815C041340069F3D0 /* d5.png */; };
		1C2576F215C041380069F3D0 /* d6.png in Resources */ = {isa = PBXBuildFile; fileRef = 1C2576B915C041340069F3D0 /* d6.png */; };
		1C2576F315C041380069F3D0 /* d7.png in Resources */ = {isa = PBXBuildFile; fileRef = 1C2576BA15C041340069F3D0 /* d7.png */; };
		1C2576F415C041380069F3D0 /* d8.png in Resources */ = {isa = PBXBuildFile; fileRef = 1C2576BB15C041340069F3D0 /* d8.png */; };
		1C2576F515C041380069F3D0 /* d9.png in Resources */ = {isa = PBXBuildFile; fileRef = 1C2576BC15C041340069F3D0 /* d9.png */; };
		1C2576F615C041380069F3D0 /* d10.png in Resources */ = {isa = PBXBuildFile; fileRef = 1C2576BD15C041340069F3D0 /* d10.png */; };
		1C2576F715C041380069F3D0 /* da.png in Resources */ = {isa = PBXBuildFile; fileRef = 1C2576BE15C041340069F3D0 /* da.png */; };
		1C2576F815C041380069F3D0 /* dj.png in Resources */ = {isa = PBXBuildFile; fileRef = 1C2576BF15C041350069F3D0 /* dj.png */; };
		1C2576F915C041380069F3D0 /* dk.png in Resources */ = {isa = PBXBuildFile; fileRef = 1C2576C015C041350069F3D0 /* dk.png */; };
		1C2576FA15C041380069F3D0 /* dq.png in Resources */ = {isa = PBXBuildFile; fileRef = 1C2576C115C041350069F3D0 /* dq.png */; };
		1C2576FB15C041380069F3D0 /* ec.png in Resources */ = {isa = PBXBuildFile; fileRef = 1C2576C215C041350069F3D0 /* ec.png */; };
		1C2576FC15C041380069F3D0 /* h2.png in Resources */ = {isa = PBXBuildFile; fileRef = 1C2576C315C041350069F3D0 /* h2.png */; };
		1C2576FD15C041380069F3D0 /* h3.png in Resources */ = {isa = PBXBuildFile; fileRef = 1C2576C415C041350069F3D0 /* h3.png */; };
		1C2576FE15C041380069F3D0 /* h4.png in Resources */ = {isa = PBXBuildFile; fileRef = 1C2576C515C041350069F3D0 /* h4.png */; };
		1C2576FF15C041380069F3D0 /* h5.png in Resources */ = {isa = PBXBuildFile; fileRef = 1C2576C615C041350069F3D0 /* h5.png */; };
		1C25770015C041380069F3D0 /* h6.png in Resources */ = {isa = PBXBuildFile; fileRef = 1C2576C715C041350069F3D0 /* h6.png */; };
		1C25770115C041380069F3D0 /* h7.png in Resources */ = {isa = PBXBuildFile; fileRef = 1C2576C815C041350069F3D0 /* h7.png */; };
		1C25770215C041380069F3D0 /* h8.png in Resources */ = {isa = PBXBuildFile; fileRef = 1C2576C915C041350069F3D0 /* h8.png */; };
		1C25770315C041380069F3D0 /* h9.png in Resources */ = {isa = PBXBuildFile; fileRef = 1C2576CA15C041350069F3D0 /* h9.png */; };
		1C25770415C041380069F3D0 /* h10.png in Resources */ = {isa = PBXBuildFile; fileRef = 1C2576CB15C041350069F3D0 /* h10.png */; };
		1C25770515C041380069F3D0 /* ha.png in Resources */ = {isa = PBXBuildFile; fileRef = 1C2576CC15C041350069F3D0 /* ha.png */; };
		1C25770615C041380069F3D0 /* hj.png in Resources */ = {isa = PBXBuildFile; fileRef = 1C2576CD15C041350069F3D0 /* hj.png */; };
		1C25770715C041380069F3D0 /* hk.png in Resources */ = {isa = PBXBuildFile; fileRef = 1C2576CE15C041350069F3D0 /* hk.png */; };
		1C25770815C041380069F3D0 /* hq.png in Resources */ = {isa = PBXBuildFile; fileRef = 1C2576CF15C041350069F3D0 /* hq.png */; };
		1C25770915C041380069F3D0 /* jb.png in Resources */ = {isa = PBXBuildFile; fileRef = 1C2576D015C041360069F3D0 /* jb.png */; };
		1C25770A15C041380069F3D0 /* jr.png in Resources */ = {isa = PBXBuildFile; fileRef = 1C2576D115C041360069F3D0 /* jr.png */; };
		1C25770B15C041380069F3D0 /* s2.png in Resources */ = {isa = PBXBuildFile; fileRef = 1C2576D215C041360069F3D0 /* s2.png */; };
		1C25770C15C041380069F3D0 /* s3.png in Resources */ = {isa = PBXBuildFile; fileRef = 1C2576D315C041360069F3D0 /* s3.png */; };
		1C25770D15C041380069F3D0 /* s4.png in Resources */ = {isa = PBXBuildFile; fileRef = 1C2576D415C041360069F3D0 /* s4.png */; };
		1C25770E15C041380069F3D0 /* s5.png in Resources */ = {isa = PBXBuildFile; fileRef = 1C2576D515C041360069F3D0 /* s5.png */; };
		1C25770F15C041380069F3D0 /* s6.png in Resources */ = {isa = PBXBuildFile; fileRef = 1C2576D615C041360069F3D0 /* s6.png */; };
		1C25771015C041380069F3D0 /* s7.png in Resources */ = {isa = PBXBuildFile; fileRef = 1C2576D715C041360069F3D0 /* s7.png */; };
		1C25771115C041380069F3D0 /* s8.png in Resources */ = {isa = PBXBuildFile; fileRef = 1C2576D815C041360069F3D0 /* s8.png */; };
		1C25771215C041380069F3D0 /* s9.png in Resources */ = {isa = PBXBuildFile; fileRef = 1C2576D915C041370069F3D0 /* s9.png */; };
		1C25771315C041380069F3D0 /* s10.png in Resources */ = {isa = PBXBuildFile; fileRef = 1C2576DA15C041370069F3D0 /* s10.png */; };
		1C25771415C041380069F3D0 /* sa.png in Resources */ = {isa = PBXBuildFile; fileRef = 1C2576DB15C041370069F3D0 /* sa.png */; };
		1C25771515C041380069F3D0 /* sj.png in Resources */ = {isa = PBXBuildFile; fileRef = 1C2576DC15C041380069F3D0 /* sj.png */; };
		1C25771615C041380069F3D0 /* sk.png in Resources */ = {isa = PBXBuildFile; fileRef = 1C2576DD15C041380069F3D0 /* sk.png */; };
		1C25771715C041380069F3D0 /* sq.png in Resources */ = {isa = PBXBuildFile; fileRef = 1C2576DE15C041380069F3D0 /* sq.png */; };
		1C25772415C054100069F3D0 /* LDNStartupViewController.m in Sources */ = {isa = PBXBuildFile; fileRef = 1C25772315C054100069F3D0 /* LDNStartupViewController.m */; };
		1C25772515C054100069F3D0 /* LDNStartupViewController.m in Sources */ = {isa = PBXBuildFile; fileRef = 1C25772315C054100069F3D0 /* LDNStartupViewController.m */; };
		1C36004915F62574000E59B4 /* NSArray+Extensions.m in Sources */ = {isa = PBXBuildFile; fileRef = 1C36004815F62574000E59B4 /* NSArray+Extensions.m */; };
		1C36004A15F62574000E59B4 /* NSArray+Extensions.m in Sources */ = {isa = PBXBuildFile; fileRef = 1C36004815F62574000E59B4 /* NSArray+Extensions.m */; };
		1C36004E15F62781000E59B4 /* NSArrayExtensionsTests.m in Sources */ = {isa = PBXBuildFile; fileRef = 1C36004D15F62781000E59B4 /* NSArrayExtensionsTests.m */; };
		1C36005015F64118000E59B4 /* backs_green.png in Resources */ = {isa = PBXBuildFile; fileRef = 1C36004F15F64118000E59B4 /* backs_green.png */; };
		1C36005115F64118000E59B4 /* backs_green.png in Resources */ = {isa = PBXBuildFile; fileRef = 1C36004F15F64118000E59B4 /* backs_green.png */; };
		1C36007D15F65A0B000E59B4 /* Go Fish Icon-72.png in Resources */ = {isa = PBXBuildFile; fileRef = 1C36007415F65A0A000E59B4 /* Go Fish Icon-72.png */; };
		1C36007E15F65A0B000E59B4 /* Go Fish Icon-72@2x.png in Resources */ = {isa = PBXBuildFile; fileRef = 1C36007515F65A0A000E59B4 /* Go Fish Icon-72@2x.png */; };
		1C36007F15F65A0B000E59B4 /* Go Fish Icon-Small-50.png in Resources */ = {isa = PBXBuildFile; fileRef = 1C36007615F65A0A000E59B4 /* Go Fish Icon-Small-50.png */; };
		1C36008015F65A0B000E59B4 /* Go Fish Icon-Small-50@2x.png in Resources */ = {isa = PBXBuildFile; fileRef = 1C36007715F65A0A000E59B4 /* Go Fish Icon-Small-50@2x.png */; };
		1C36008115F65A0B000E59B4 /* Go Fish Icon-Small.png in Resources */ = {isa = PBXBuildFile; fileRef = 1C36007815F65A0A000E59B4 /* Go Fish Icon-Small.png */; };
		1C36008215F65A0B000E59B4 /* Go Fish Icon-Small@2x.png in Resources */ = {isa = PBXBuildFile; fileRef = 1C36007915F65A0A000E59B4 /* Go Fish Icon-Small@2x.png */; };
		1C36008315F65A0B000E59B4 /* Go Fish Icon.png in Resources */ = {isa = PBXBuildFile; fileRef = 1C36007A15F65A0A000E59B4 /* Go Fish Icon.png */; };
		1C36008415F65A0B000E59B4 /* Go Fish Icon@2x.png in Resources */ = {isa = PBXBuildFile; fileRef = 1C36007B15F65A0B000E59B4 /* Go Fish Icon@2x.png */; };
		1C36008515F65A0B000E59B4 /* iTunesArtwork in Resources */ = {isa = PBXBuildFile; fileRef = 1C36007C15F65A0B000E59B4 /* iTunesArtwork */; };
		1C36008615F65A14000E59B4 /* Go Fish Icon.png in Resources */ = {isa = PBXBuildFile; fileRef = 1C36007A15F65A0A000E59B4 /* Go Fish Icon.png */; };
		1C36008715F65A17000E59B4 /* Go Fish Icon@2x.png in Resources */ = {isa = PBXBuildFile; fileRef = 1C36007B15F65A0B000E59B4 /* Go Fish Icon@2x.png */; };
		1C36008815F65A1D000E59B4 /* Go Fish Icon-72.png in Resources */ = {isa = PBXBuildFile; fileRef = 1C36007415F65A0A000E59B4 /* Go Fish Icon-72.png */; };
		1C36008915F65A20000E59B4 /* Go Fish Icon-72@2x.png in Resources */ = {isa = PBXBuildFile; fileRef = 1C36007515F65A0A000E59B4 /* Go Fish Icon-72@2x.png */; };
		1C46585415BF389D002791ED /* LDNGoFishRobot.m in Sources */ = {isa = PBXBuildFile; fileRef = 1C46585315BF389D002791ED /* LDNGoFishRobot.m */; };
		1C5108441610FB6900241B15 /* LDNLoginController.m in Sources */ = {isa = PBXBuildFile; fileRef = 1C5108431610FB6900241B15 /* LDNLoginController.m */; };
		1C5BDA031612374F0078D913 /* NSData+Additions.m in Sources */ = {isa = PBXBuildFile; fileRef = 1C5BDA021612374F0078D913 /* NSData+Additions.m */; };
		1C76DBE61600E8F60056AAB4 /* GameKit.framework in Frameworks */ = {isa = PBXBuildFile; fileRef = 1C76DBE31600E8E60056AAB4 /* GameKit.framework */; };
		1C96F77D15FC2D11001B4779 /* LDNMessageManagerTests.m in Sources */ = {isa = PBXBuildFile; fileRef = 1C96F77C15FC2D11001B4779 /* LDNMessageManagerTests.m */; };
		1C96F78115FC360E001B4779 /* NSObject+PeformBlock.m in Sources */ = {isa = PBXBuildFile; fileRef = 1C96F78015FC360E001B4779 /* NSObject+PeformBlock.m */; };
		1C96F78215FC360E001B4779 /* NSObject+PeformBlock.m in Sources */ = {isa = PBXBuildFile; fileRef = 1C96F78015FC360E001B4779 /* NSObject+PeformBlock.m */; };
		1CA3959415C1B7230036283E /* SenTestingKit.framework in Frameworks */ = {isa = PBXBuildFile; fileRef = 1CA3959215C1B7040036283E /* SenTestingKit.framework */; };
		1CA9C2D815C380EE0044E5C5 /* CustomGradientButton.m in Sources */ = {isa = PBXBuildFile; fileRef = 1CA9C2D715C380EE0044E5C5 /* CustomGradientButton.m */; };
		1CA9C2D915C380EE0044E5C5 /* CustomGradientButton.m in Sources */ = {isa = PBXBuildFile; fileRef = 1CA9C2D715C380EE0044E5C5 /* CustomGradientButton.m */; };
		1CB5881F1669139100B87E79 /* CardAnimationViewController.m in Sources */ = {isa = PBXBuildFile; fileRef = 1CC1FB5E15F97955009587A0 /* CardAnimationViewController.m */; };
		1CB58821166913AA00B87E79 /* LDNMessageManager.m in Sources */ = {isa = PBXBuildFile; fileRef = 1CFAFD8515FBC0E70041EF66 /* LDNMessageManager.m */; };
		1CB58822166913B500B87E79 /* LDNGoFishPlayerViewiPad.m in Sources */ = {isa = PBXBuildFile; fileRef = AA26261A15FECBC50083ACFF /* LDNGoFishPlayerViewiPad.m */; };
		1CB58823166913B800B87E79 /* LDNGoFishPlayerViewiPhone.m in Sources */ = {isa = PBXBuildFile; fileRef = AA21936A16010EED005C67B4 /* LDNGoFishPlayerViewiPhone.m */; };
		1CB58824166913CC00B87E79 /* LDNCardImage.m in Sources */ = {isa = PBXBuildFile; fileRef = 1CFAFD7F15FA51D90041EF66 /* LDNCardImage.m */; };
		1CB58825166913EA00B87E79 /* LDNLoginController.m in Sources */ = {isa = PBXBuildFile; fileRef = 1C5108431610FB6900241B15 /* LDNLoginController.m */; };
		1CB588261669141C00B87E79 /* Constants.m in Sources */ = {isa = PBXBuildFile; fileRef = AA26261615FECB750083ACFF /* Constants.m */; };
		1CB588271669141C00B87E79 /* NSObject+PeformBlock.m in Sources */ = {isa = PBXBuildFile; fileRef = 1C96F78015FC360E001B4779 /* NSObject+PeformBlock.m */; };
		1CB588281669141C00B87E79 /* NSData+Additions.m in Sources */ = {isa = PBXBuildFile; fileRef = 1C5BDA021612374F0078D913 /* NSData+Additions.m */; };
		1CB588291669189600B87E79 /* MessageUI.framework in Frameworks */ = {isa = PBXBuildFile; fileRef = AAA8860B1600D8F200D4274D /* MessageUI.framework */; };
		1CB5882C16691FBB00B87E79 /* calabash.framework in Frameworks */ = {isa = PBXBuildFile; fileRef = 1CB5882A16691FAF00B87E79 /* calabash.framework */; };
		1CBBE69715C36D6E0031D7E9 /* QuartzCore.framework in Frameworks */ = {isa = PBXBuildFile; fileRef = 1CBBE69415C36C320031D7E9 /* QuartzCore.framework */; };
		1CBBE69815C36D7E0031D7E9 /* QuartzCore.framework in Frameworks */ = {isa = PBXBuildFile; fileRef = 1CBBE69415C36C320031D7E9 /* QuartzCore.framework */; };
		1CC1FB4315F66618009587A0 /* Default-Landscape~ipad.png in Resources */ = {isa = PBXBuildFile; fileRef = 1CC1FB4215F66618009587A0 /* Default-Landscape~ipad.png */; };
		1CC1FB4715F66629009587A0 /* Default-Portrait~ipad.png in Resources */ = {isa = PBXBuildFile; fileRef = 1CC1FB4615F66629009587A0 /* Default-Portrait~ipad.png */; };
		1CC1FB5F15F97955009587A0 /* CardAnimationViewController.m in Sources */ = {isa = PBXBuildFile; fileRef = 1CC1FB5E15F97955009587A0 /* CardAnimationViewController.m */; };
		1CD20C0615C19934004DB60E /* background.jpeg in Resources */ = {isa = PBXBuildFile; fileRef = 1CD20C0515C19934004DB60E /* background.jpeg */; };
		1CF6138415BED26B00014D78 /* LDNPlayingCardTests.m in Sources */ = {isa = PBXBuildFile; fileRef = 1CF6138315BED26B00014D78 /* LDNPlayingCardTests.m */; };
		1CF6138815BED7F300014D78 /* LDNGoFishPlayerTests.m in Sources */ = {isa = PBXBuildFile; fileRef = 1CF6138715BED7F300014D78 /* LDNGoFishPlayerTests.m */; };
		1CFAFD8015FA51D90041EF66 /* LDNCardImage.m in Sources */ = {isa = PBXBuildFile; fileRef = 1CFAFD7F15FA51D90041EF66 /* LDNCardImage.m */; };
		1CFAFD8615FBC0E80041EF66 /* LDNMessageManager.m in Sources */ = {isa = PBXBuildFile; fileRef = 1CFAFD8515FBC0E70041EF66 /* LDNMessageManager.m */; };
		1ae6aa94ba1c7f551ecb6d50 /* sj.png in Resources */ = {isa = PBXBuildFile; fileRef = 1C2576DC15C041380069F3D0 /* sj.png */; };
		1b215c765c2cee1b8691ec25 /* LDNStartupViewController.m in Sources */ = {isa = PBXBuildFile; fileRef = 1C25772315C054100069F3D0 /* LDNStartupViewController.m */; };
		2063d0f082dd1d6211ae906a /* dq.png in Resources */ = {isa = PBXBuildFile; fileRef = 1C2576C115C041350069F3D0 /* dq.png */; };
		20e39cc6e659ac8571df13ac /* d4.png in Resources */ = {isa = PBXBuildFile; fileRef = 1C2576B715C041340069F3D0 /* d4.png */; };
		210554f998a7755a640203f8 /* InfoPlist.strings in Resources */ = {isa = PBXBuildFile; fileRef = 1C1FC7AD15BDC785009393A1 /* InfoPlist.strings */; };
		25fb9ad35d2dfb8a244640ce /* ca.png in Resources */ = {isa = PBXBuildFile; fileRef = 1C2576B115C041340069F3D0 /* ca.png */; };
		2b2b0688d65e3f6f8401a232 /* h3.png in Resources */ = {isa = PBXBuildFile; fileRef = 1C2576C415C041350069F3D0 /* h3.png */; };
		2e28a1225cf0b2c0f301479f /* s8.png in Resources */ = {isa = PBXBuildFile; fileRef = 1C2576D815C041360069F3D0 /* s8.png */; };
		3000d2bc97900a7b999e2618 /* h5.png in Resources */ = {isa = PBXBuildFile; fileRef = 1C2576C615C041350069F3D0 /* h5.png */; };
		322fd8b3144bf63b7562bb64 /* c8.png in Resources */ = {isa = PBXBuildFile; fileRef = 1C2576AE15C041340069F3D0 /* c8.png */; };
		3530d7e089b4dba498c4556e /* da.png in Resources */ = {isa = PBXBuildFile; fileRef = 1C2576BE15C041340069F3D0 /* da.png */; };
		374902643b773b3300cfa5b6 /* MainStoryboard_iPhone.storyboard in Resources */ = {isa = PBXBuildFile; fileRef = 1C1FC7B615BDC785009393A1 /* MainStoryboard_iPhone.storyboard */; };
		37d5fcedf7546fb6f4d2697c /* sq.png in Resources */ = {isa = PBXBuildFile; fileRef = 1C2576DE15C041380069F3D0 /* sq.png */; };
		39419e0e141b9dce512d3329 /* c10.png in Resources */ = {isa = PBXBuildFile; fileRef = 1C2576B015C041340069F3D0 /* c10.png */; };
		3c112a64771d2ca72134ecc1 /* main.m in Sources */ = {isa = PBXBuildFile; fileRef = 1C1FC7B015BDC785009393A1 /* main.m */; };
		3e22bb1fc7671340a43921bf /* h10.png in Resources */ = {isa = PBXBuildFile; fileRef = 1C2576CB15C041350069F3D0 /* h10.png */; };
		4105afc85131319d457253d4 /* h6.png in Resources */ = {isa = PBXBuildFile; fileRef = 1C2576C715C041350069F3D0 /* h6.png */; };
		4f0c09acd2e7435ca85fe272 /* d3.png in Resources */ = {isa = PBXBuildFile; fileRef = 1C2576B615C041340069F3D0 /* d3.png */; };
		4fe384b93574475b92b70946 /* backs_blue_rotated.png in Resources */ = {isa = PBXBuildFile; fileRef = 1C1212D215C1D2FF005EF4BC /* backs_blue_rotated.png */; };
		5818e2655513d925cea28ae5 /* c4.png in Resources */ = {isa = PBXBuildFile; fileRef = 1C2576AA15C041340069F3D0 /* c4.png */; };
		5f7a3bb575c6693ab07cf1b1 /* hq.png in Resources */ = {isa = PBXBuildFile; fileRef = 1C2576CF15C041350069F3D0 /* hq.png */; };
		5f9441da4f6a3f00dda823cb /* c3.png in Resources */ = {isa = PBXBuildFile; fileRef = 1C2576A915C041330069F3D0 /* c3.png */; };
		61349662219c50dad05e46db /* d2.png in Resources */ = {isa = PBXBuildFile; fileRef = 1C2576B515C041340069F3D0 /* d2.png */; };
		639b5289667e8f2171ae0af4 /* c2.png in Resources */ = {isa = PBXBuildFile; fileRef = 1C2576A815C041330069F3D0 /* c2.png */; };
		66c8f525eae5675293d196e9 /* UIKit.framework in Frameworks */ = {isa = PBXBuildFile; fileRef = 1C1FC7A415BDC785009393A1 /* UIKit.framework */; };
		6abcf1641fb72b21d1a76ce8 /* c5.png in Resources */ = {isa = PBXBuildFile; fileRef = 1C2576AB15C041340069F3D0 /* c5.png */; };
		6b2b4d5b210c4cfc8d65a4a5 /* ck.png in Resources */ = {isa = PBXBuildFile; fileRef = 1C2576B315C041340069F3D0 /* ck.png */; };
		6bcc381838b4c37d23b7c878 /* d6.png in Resources */ = {isa = PBXBuildFile; fileRef = 1C2576B915C041340069F3D0 /* d6.png */; };
		6c1e2f88bf094fc3a2235efd /* LDNGoFishRobot.m in Sources */ = {isa = PBXBuildFile; fileRef = 1C46585315BF389D002791ED /* LDNGoFishRobot.m */; };
		7d13af20a9ebf6c4631cfefd /* LDNGoFishGame.m in Sources */ = {isa = PBXBuildFile; fileRef = 1C1FC7E415BDCA82009393A1 /* LDNGoFishGame.m */; };
		82f2be7ae9b2a8a952595de2 /* s10.png in Resources */ = {isa = PBXBuildFile; fileRef = 1C2576DA15C041370069F3D0 /* s10.png */; };
		8729dd44325e9e64d86bbd7d /* s4.png in Resources */ = {isa = PBXBuildFile; fileRef = 1C2576D415C041360069F3D0 /* s4.png */; };
		88bbe58d9ae842be5b556efd /* LDNAppDelegate.m in Sources */ = {isa = PBXBuildFile; fileRef = 1C1FC7B415BDC785009393A1 /* LDNAppDelegate.m */; };
		8f8a4afdc5da9d5398976616 /* d9.png in Resources */ = {isa = PBXBuildFile; fileRef = 1C2576BC15C041340069F3D0 /* d9.png */; };
		93a33ee778ee1437c2be3741 /* h8.png in Resources */ = {isa = PBXBuildFile; fileRef = 1C2576C915C041350069F3D0 /* h8.png */; };
		95ee3b69da73241a5ed5d6a3 /* LDNPlayingCard.m in Sources */ = {isa = PBXBuildFile; fileRef = 1C1FC7F615BDE17D009393A1 /* LDNPlayingCard.m */; };
		9a5c77706fa0745439c49c60 /* c6.png in Resources */ = {isa = PBXBuildFile; fileRef = 1C2576AC15C041340069F3D0 /* c6.png */; };
		9e5da4c75f962559f858e2a5 /* sk.png in Resources */ = {isa = PBXBuildFile; fileRef = 1C2576DD15C041380069F3D0 /* sk.png */; };
		AA21936D160119B1005C67B4 /* LDNGoFishPlayerViewiPhone.m in Sources */ = {isa = PBXBuildFile; fileRef = AA21936A16010EED005C67B4 /* LDNGoFishPlayerViewiPhone.m */; };
		AA26261715FECB750083ACFF /* Constants.m in Sources */ = {isa = PBXBuildFile; fileRef = AA26261615FECB750083ACFF /* Constants.m */; };
		AA26261815FECB810083ACFF /* Constants.m in Sources */ = {isa = PBXBuildFile; fileRef = AA26261615FECB750083ACFF /* Constants.m */; };
		AA26261B15FECBC50083ACFF /* LDNGoFishPlayerViewiPad.m in Sources */ = {isa = PBXBuildFile; fileRef = AA26261A15FECBC50083ACFF /* LDNGoFishPlayerViewiPad.m */; };
		AA26261C15FECBC50083ACFF /* LDNGoFishPlayerViewiPad.m in Sources */ = {isa = PBXBuildFile; fileRef = AA26261A15FECBC50083ACFF /* LDNGoFishPlayerViewiPad.m */; };
		AAA8860E1600D91100D4274D /* MessageUI.framework in Frameworks */ = {isa = PBXBuildFile; fileRef = AAA8860B1600D8F200D4274D /* MessageUI.framework */; };
		a0bdb34cf7b5f7eb9122ff9a /* backs_blue.png in Resources */ = {isa = PBXBuildFile; fileRef = 1C2576A615C041330069F3D0 /* backs_blue.png */; };
		a22d13ca131a7a1ae7d0ccb8 /* dk.png in Resources */ = {isa = PBXBuildFile; fileRef = 1C2576C015C041350069F3D0 /* dk.png */; };
		a2cadae7e13380b0eae1db96 /* CFNetwork.framework in Frameworks */ = {isa = PBXBuildFile; fileRef = e9a7b125588893ff8055094f /* CFNetwork.framework */; };
		a2cb6336fe0b0771cd8fac92 /* c9.png in Resources */ = {isa = PBXBuildFile; fileRef = 1C2576AF15C041340069F3D0 /* c9.png */; };
		a37b8c99fa4e82ea629fec2f /* ec.png in Resources */ = {isa = PBXBuildFile; fileRef = 1C2576C215C041350069F3D0 /* ec.png */; };
		a4f471c701a515cc7a477981 /* ha.png in Resources */ = {isa = PBXBuildFile; fileRef = 1C2576CC15C041350069F3D0 /* ha.png */; };
		a64967d04476d2c8c83eda70 /* cq.png in Resources */ = {isa = PBXBuildFile; fileRef = 1C2576B415C041340069F3D0 /* cq.png */; };
		a831b021b43cb41688b263e9 /* s3.png in Resources */ = {isa = PBXBuildFile; fileRef = 1C2576D315C041360069F3D0 /* s3.png */; };
		aa242cc4f0dd499b7b2b1c47 /* s2.png in Resources */ = {isa = PBXBuildFile; fileRef = 1C2576D215C041360069F3D0 /* s2.png */; };
		b4a0af59ece71a01d3e808a9 /* dj.png in Resources */ = {isa = PBXBuildFile; fileRef = 1C2576BF15C041350069F3D0 /* dj.png */; };
		b710473cc48db2ff2e653b99 /* LDNDeckOfCards.m in Sources */ = {isa = PBXBuildFile; fileRef = 1C1FC7EC15BDD728009393A1 /* LDNDeckOfCards.m */; };
		ba68f73bd885d14dab4a7bcf /* d5.png in Resources */ = {isa = PBXBuildFile; fileRef = 1C2576B815C041340069F3D0 /* d5.png */; };
		ba81c59b025fa87e22285fe9 /* jb.png in Resources */ = {isa = PBXBuildFile; fileRef = 1C2576D015C041360069F3D0 /* jb.png */; };
		bf225ce1d5e253d713c2335f /* hk.png in Resources */ = {isa = PBXBuildFile; fileRef = 1C2576CE15C041350069F3D0 /* hk.png */; };
		bf95c563be09538d63352c5f /* h4.png in Resources */ = {isa = PBXBuildFile; fileRef = 1C2576C515C041350069F3D0 /* h4.png */; };
		c075dd16c5bd2aefe751137d /* c7.png in Resources */ = {isa = PBXBuildFile; fileRef = 1C2576AD15C041340069F3D0 /* c7.png */; };
		c36b0dfb0d3fb78919bec46b /* s9.png in Resources */ = {isa = PBXBuildFile; fileRef = 1C2576D915C041370069F3D0 /* s9.png */; };
		c948a8e581c8fc6e18abd652 /* d7.png in Resources */ = {isa = PBXBuildFile; fileRef = 1C2576BA15C041340069F3D0 /* d7.png */; };
		cd585b9d307d29d86e51cbe7 /* d10.png in Resources */ = {isa = PBXBuildFile; fileRef = 1C2576BD15C041340069F3D0 /* d10.png */; };
		d19c1605be530d1a19bd722f /* LDNViewController.m in Sources */ = {isa = PBXBuildFile; fileRef = 1C1FC7BD15BDC785009393A1 /* LDNViewController.m */; };
		d3bdc0aa59d97652c10e52d5 /* h9.png in Resources */ = {isa = PBXBuildFile; fileRef = 1C2576CA15C041350069F3D0 /* h9.png */; };
		da432ccbb23534c94c4d3173 /* sa.png in Resources */ = {isa = PBXBuildFile; fileRef = 1C2576DB15C041370069F3D0 /* sa.png */; };
		dc47216d3622e9358bc1d57d /* Foundation.framework in Frameworks */ = {isa = PBXBuildFile; fileRef = 1C1FC7A615BDC785009393A1 /* Foundation.framework */; };
		e2b02814fb324b7db2cc04ab /* s5.png in Resources */ = {isa = PBXBuildFile; fileRef = 1C2576D515C041360069F3D0 /* s5.png */; };
		ea17ba2feadca0a45c7e6a78 /* CoreGraphics.framework in Frameworks */ = {isa = PBXBuildFile; fileRef = 1C1FC7A815BDC785009393A1 /* CoreGraphics.framework */; };
		ec20752808f12e6adc48048e /* cj.png in Resources */ = {isa = PBXBuildFile; fileRef = 1C2576B215C041340069F3D0 /* cj.png */; };
		f18fb36057085f4220b4ec54 /* backs_red.png in Resources */ = {isa = PBXBuildFile; fileRef = 1C2576A715C041330069F3D0 /* backs_red.png */; };
		f6f306c7f7769bb0722d69b1 /* h2.png in Resources */ = {isa = PBXBuildFile; fileRef = 1C2576C315C041350069F3D0 /* h2.png */; };
		f7a31ff51f831971da109e93 /* d8.png in Resources */ = {isa = PBXBuildFile; fileRef = 1C2576BB15C041340069F3D0 /* d8.png */; };
		fa989d0c8d601affa852b9a2 /* hj.png in Resources */ = {isa = PBXBuildFile; fileRef = 1C2576CD15C041350069F3D0 /* hj.png */; };
		fb0fa5843f0b292b0e7885fc /* s6.png in Resources */ = {isa = PBXBuildFile; fileRef = 1C2576D615C041360069F3D0 /* s6.png */; };
		ffb5593b9da02b332f48671f /* MainStoryboard_iPad.storyboard in Resources */ = {isa = PBXBuildFile; fileRef = 1C1FC7B915BDC785009393A1 /* MainStoryboard_iPad.storyboard */; };
/* End PBXBuildFile section */

/* Begin PBXContainerItemProxy section */
		1C1FC7C915BDC785009393A1 /* PBXContainerItemProxy */ = {
			isa = PBXContainerItemProxy;
			containerPortal = 1C1FC79715BDC785009393A1 /* Project object */;
			proxyType = 1;
			remoteGlobalIDString = 1C1FC79F15BDC785009393A1;
			remoteInfo = "Go Fish";
		};
/* End PBXContainerItemProxy section */

/* Begin PBXFileReference section */
		1C07503A15F2BF01003D45CC /* card-table.png */ = {isa = PBXFileReference; lastKnownFileType = image.png; path = "card-table.png"; sourceTree = "<group>"; };
		1C1212D215C1D2FF005EF4BC /* backs_blue_rotated.png */ = {isa = PBXFileReference; lastKnownFileType = image.png; path = backs_blue_rotated.png; sourceTree = "<group>"; };
		1C1FC7A015BDC785009393A1 /* Go Fish.app */ = {isa = PBXFileReference; explicitFileType = wrapper.application; includeInIndex = 0; path = "Go Fish.app"; sourceTree = BUILT_PRODUCTS_DIR; };
		1C1FC7A415BDC785009393A1 /* UIKit.framework */ = {isa = PBXFileReference; lastKnownFileType = wrapper.framework; name = UIKit.framework; path = System/Library/Frameworks/UIKit.framework; sourceTree = SDKROOT; };
		1C1FC7A615BDC785009393A1 /* Foundation.framework */ = {isa = PBXFileReference; lastKnownFileType = wrapper.framework; name = Foundation.framework; path = System/Library/Frameworks/Foundation.framework; sourceTree = SDKROOT; };
		1C1FC7A815BDC785009393A1 /* CoreGraphics.framework */ = {isa = PBXFileReference; lastKnownFileType = wrapper.framework; name = CoreGraphics.framework; path = System/Library/Frameworks/CoreGraphics.framework; sourceTree = SDKROOT; };
		1C1FC7AC15BDC785009393A1 /* Go Fish-Info.plist */ = {isa = PBXFileReference; lastKnownFileType = text.plist.xml; path = "Go Fish-Info.plist"; sourceTree = "<group>"; };
		1C1FC7AE15BDC785009393A1 /* en */ = {isa = PBXFileReference; lastKnownFileType = text.plist.strings; name = en; path = en.lproj/InfoPlist.strings; sourceTree = "<group>"; };
		1C1FC7B015BDC785009393A1 /* main.m */ = {isa = PBXFileReference; lastKnownFileType = sourcecode.c.objc; path = main.m; sourceTree = "<group>"; };
		1C1FC7B215BDC785009393A1 /* Go Fish-Prefix.pch */ = {isa = PBXFileReference; lastKnownFileType = sourcecode.c.h; path = "Go Fish-Prefix.pch"; sourceTree = "<group>"; };
		1C1FC7B315BDC785009393A1 /* LDNAppDelegate.h */ = {isa = PBXFileReference; lastKnownFileType = sourcecode.c.h; path = LDNAppDelegate.h; sourceTree = "<group>"; };
		1C1FC7B415BDC785009393A1 /* LDNAppDelegate.m */ = {isa = PBXFileReference; lastKnownFileType = sourcecode.c.objc; path = LDNAppDelegate.m; sourceTree = "<group>"; };
		1C1FC7B715BDC785009393A1 /* en */ = {isa = PBXFileReference; lastKnownFileType = file.storyboard; name = en; path = en.lproj/MainStoryboard_iPhone.storyboard; sourceTree = "<group>"; };
		1C1FC7BA15BDC785009393A1 /* en */ = {isa = PBXFileReference; lastKnownFileType = file.storyboard; name = en; path = en.lproj/MainStoryboard_iPad.storyboard; sourceTree = "<group>"; };
		1C1FC7BC15BDC785009393A1 /* LDNViewController.h */ = {isa = PBXFileReference; lastKnownFileType = sourcecode.c.h; path = LDNViewController.h; sourceTree = "<group>"; };
		1C1FC7BD15BDC785009393A1 /* LDNViewController.m */ = {isa = PBXFileReference; lastKnownFileType = sourcecode.c.objc; path = LDNViewController.m; sourceTree = "<group>"; };
		1C1FC7C415BDC785009393A1 /* Go FishTests.octest */ = {isa = PBXFileReference; explicitFileType = wrapper.cfbundle; includeInIndex = 0; path = "Go FishTests.octest"; sourceTree = BUILT_PRODUCTS_DIR; };
		1C1FC7CD15BDC785009393A1 /* Go FishTests-Info.plist */ = {isa = PBXFileReference; lastKnownFileType = text.plist.xml; path = "Go FishTests-Info.plist"; sourceTree = "<group>"; };
		1C1FC7CF15BDC785009393A1 /* en */ = {isa = PBXFileReference; lastKnownFileType = text.plist.strings; name = en; path = en.lproj/InfoPlist.strings; sourceTree = "<group>"; };
		1C1FC7E015BDC869009393A1 /* LDNGoFishGameTests.h */ = {isa = PBXFileReference; fileEncoding = 4; lastKnownFileType = sourcecode.c.h; path = LDNGoFishGameTests.h; sourceTree = "<group>"; };
		1C1FC7E115BDC869009393A1 /* LDNGoFishGameTests.m */ = {isa = PBXFileReference; fileEncoding = 4; lastKnownFileType = sourcecode.c.objc; path = LDNGoFishGameTests.m; sourceTree = "<group>"; };
		1C1FC7E315BDCA82009393A1 /* LDNGoFishGame.h */ = {isa = PBXFileReference; fileEncoding = 4; lastKnownFileType = sourcecode.c.h; path = LDNGoFishGame.h; sourceTree = "<group>"; };
		1C1FC7E415BDCA82009393A1 /* LDNGoFishGame.m */ = {isa = PBXFileReference; fileEncoding = 4; lastKnownFileType = sourcecode.c.objc; path = LDNGoFishGame.m; sourceTree = "<group>"; };
		1C1FC7E715BDD245009393A1 /* LDNGoFishPlayer.h */ = {isa = PBXFileReference; fileEncoding = 4; lastKnownFileType = sourcecode.c.h; path = LDNGoFishPlayer.h; sourceTree = "<group>"; };
		1C1FC7E815BDD245009393A1 /* LDNGoFishPlayer.m */ = {isa = PBXFileReference; fileEncoding = 4; lastKnownFileType = sourcecode.c.objc; path = LDNGoFishPlayer.m; sourceTree = "<group>"; };
		1C1FC7EB15BDD728009393A1 /* LDNDeckOfCards.h */ = {isa = PBXFileReference; fileEncoding = 4; lastKnownFileType = sourcecode.c.h; path = LDNDeckOfCards.h; sourceTree = "<group>"; };
		1C1FC7EC15BDD728009393A1 /* LDNDeckOfCards.m */ = {isa = PBXFileReference; fileEncoding = 4; lastKnownFileType = sourcecode.c.objc; path = LDNDeckOfCards.m; sourceTree = "<group>"; };
		1C1FC7EF15BDD96D009393A1 /* LDNDeckOfCardsTests.h */ = {isa = PBXFileReference; fileEncoding = 4; lastKnownFileType = sourcecode.c.h; path = LDNDeckOfCardsTests.h; sourceTree = "<group>"; };
		1C1FC7F015BDD96D009393A1 /* LDNDeckOfCardsTests.m */ = {isa = PBXFileReference; fileEncoding = 4; lastKnownFileType = sourcecode.c.objc; path = LDNDeckOfCardsTests.m; sourceTree = "<group>"; };
		1C1FC7F515BDE17D009393A1 /* LDNPlayingCard.h */ = {isa = PBXFileReference; fileEncoding = 4; lastKnownFileType = sourcecode.c.h; path = LDNPlayingCard.h; sourceTree = "<group>"; };
		1C1FC7F615BDE17D009393A1 /* LDNPlayingCard.m */ = {isa = PBXFileReference; fileEncoding = 4; lastKnownFileType = sourcecode.c.objc; path = LDNPlayingCard.m; sourceTree = "<group>"; };
		1C2576A615C041330069F3D0 /* backs_blue.png */ = {isa = PBXFileReference; lastKnownFileType = image.png; path = backs_blue.png; sourceTree = "<group>"; };
		1C2576A715C041330069F3D0 /* backs_red.png */ = {isa = PBXFileReference; lastKnownFileType = image.png; path = backs_red.png; sourceTree = "<group>"; };
		1C2576A815C041330069F3D0 /* c2.png */ = {isa = PBXFileReference; lastKnownFileType = image.png; path = c2.png; sourceTree = "<group>"; };
		1C2576A915C041330069F3D0 /* c3.png */ = {isa = PBXFileReference; lastKnownFileType = image.png; path = c3.png; sourceTree = "<group>"; };
		1C2576AA15C041340069F3D0 /* c4.png */ = {isa = PBXFileReference; lastKnownFileType = image.png; path = c4.png; sourceTree = "<group>"; };
		1C2576AB15C041340069F3D0 /* c5.png */ = {isa = PBXFileReference; lastKnownFileType = image.png; path = c5.png; sourceTree = "<group>"; };
		1C2576AC15C041340069F3D0 /* c6.png */ = {isa = PBXFileReference; lastKnownFileType = image.png; path = c6.png; sourceTree = "<group>"; };
		1C2576AD15C041340069F3D0 /* c7.png */ = {isa = PBXFileReference; lastKnownFileType = image.png; path = c7.png; sourceTree = "<group>"; };
		1C2576AE15C041340069F3D0 /* c8.png */ = {isa = PBXFileReference; lastKnownFileType = image.png; path = c8.png; sourceTree = "<group>"; };
		1C2576AF15C041340069F3D0 /* c9.png */ = {isa = PBXFileReference; lastKnownFileType = image.png; path = c9.png; sourceTree = "<group>"; };
		1C2576B015C041340069F3D0 /* c10.png */ = {isa = PBXFileReference; lastKnownFileType = image.png; path = c10.png; sourceTree = "<group>"; };
		1C2576B115C041340069F3D0 /* ca.png */ = {isa = PBXFileReference; lastKnownFileType = image.png; path = ca.png; sourceTree = "<group>"; };
		1C2576B215C041340069F3D0 /* cj.png */ = {isa = PBXFileReference; lastKnownFileType = image.png; path = cj.png; sourceTree = "<group>"; };
		1C2576B315C041340069F3D0 /* ck.png */ = {isa = PBXFileReference; lastKnownFileType = image.png; path = ck.png; sourceTree = "<group>"; };
		1C2576B415C041340069F3D0 /* cq.png */ = {isa = PBXFileReference; lastKnownFileType = image.png; path = cq.png; sourceTree = "<group>"; };
		1C2576B515C041340069F3D0 /* d2.png */ = {isa = PBXFileReference; lastKnownFileType = image.png; path = d2.png; sourceTree = "<group>"; };
		1C2576B615C041340069F3D0 /* d3.png */ = {isa = PBXFileReference; lastKnownFileType = image.png; path = d3.png; sourceTree = "<group>"; };
		1C2576B715C041340069F3D0 /* d4.png */ = {isa = PBXFileReference; lastKnownFileType = image.png; path = d4.png; sourceTree = "<group>"; };
		1C2576B815C041340069F3D0 /* d5.png */ = {isa = PBXFileReference; lastKnownFileType = image.png; path = d5.png; sourceTree = "<group>"; };
		1C2576B915C041340069F3D0 /* d6.png */ = {isa = PBXFileReference; lastKnownFileType = image.png; path = d6.png; sourceTree = "<group>"; };
		1C2576BA15C041340069F3D0 /* d7.png */ = {isa = PBXFileReference; lastKnownFileType = image.png; path = d7.png; sourceTree = "<group>"; };
		1C2576BB15C041340069F3D0 /* d8.png */ = {isa = PBXFileReference; lastKnownFileType = image.png; path = d8.png; sourceTree = "<group>"; };
		1C2576BC15C041340069F3D0 /* d9.png */ = {isa = PBXFileReference; lastKnownFileType = image.png; path = d9.png; sourceTree = "<group>"; };
		1C2576BD15C041340069F3D0 /* d10.png */ = {isa = PBXFileReference; lastKnownFileType = image.png; path = d10.png; sourceTree = "<group>"; };
		1C2576BE15C041340069F3D0 /* da.png */ = {isa = PBXFileReference; lastKnownFileType = image.png; path = da.png; sourceTree = "<group>"; };
		1C2576BF15C041350069F3D0 /* dj.png */ = {isa = PBXFileReference; lastKnownFileType = image.png; path = dj.png; sourceTree = "<group>"; };
		1C2576C015C041350069F3D0 /* dk.png */ = {isa = PBXFileReference; lastKnownFileType = image.png; path = dk.png; sourceTree = "<group>"; };
		1C2576C115C041350069F3D0 /* dq.png */ = {isa = PBXFileReference; lastKnownFileType = image.png; path = dq.png; sourceTree = "<group>"; };
		1C2576C215C041350069F3D0 /* ec.png */ = {isa = PBXFileReference; lastKnownFileType = image.png; path = ec.png; sourceTree = "<group>"; };
		1C2576C315C041350069F3D0 /* h2.png */ = {isa = PBXFileReference; lastKnownFileType = image.png; path = h2.png; sourceTree = "<group>"; };
		1C2576C415C041350069F3D0 /* h3.png */ = {isa = PBXFileReference; lastKnownFileType = image.png; path = h3.png; sourceTree = "<group>"; };
		1C2576C515C041350069F3D0 /* h4.png */ = {isa = PBXFileReference; lastKnownFileType = image.png; path = h4.png; sourceTree = "<group>"; };
		1C2576C615C041350069F3D0 /* h5.png */ = {isa = PBXFileReference; lastKnownFileType = image.png; path = h5.png; sourceTree = "<group>"; };
		1C2576C715C041350069F3D0 /* h6.png */ = {isa = PBXFileReference; lastKnownFileType = image.png; path = h6.png; sourceTree = "<group>"; };
		1C2576C815C041350069F3D0 /* h7.png */ = {isa = PBXFileReference; lastKnownFileType = image.png; path = h7.png; sourceTree = "<group>"; };
		1C2576C915C041350069F3D0 /* h8.png */ = {isa = PBXFileReference; lastKnownFileType = image.png; path = h8.png; sourceTree = "<group>"; };
		1C2576CA15C041350069F3D0 /* h9.png */ = {isa = PBXFileReference; lastKnownFileType = image.png; path = h9.png; sourceTree = "<group>"; };
		1C2576CB15C041350069F3D0 /* h10.png */ = {isa = PBXFileReference; lastKnownFileType = image.png; path = h10.png; sourceTree = "<group>"; };
		1C2576CC15C041350069F3D0 /* ha.png */ = {isa = PBXFileReference; lastKnownFileType = image.png; path = ha.png; sourceTree = "<group>"; };
		1C2576CD15C041350069F3D0 /* hj.png */ = {isa = PBXFileReference; lastKnownFileType = image.png; path = hj.png; sourceTree = "<group>"; };
		1C2576CE15C041350069F3D0 /* hk.png */ = {isa = PBXFileReference; lastKnownFileType = image.png; path = hk.png; sourceTree = "<group>"; };
		1C2576CF15C041350069F3D0 /* hq.png */ = {isa = PBXFileReference; lastKnownFileType = image.png; path = hq.png; sourceTree = "<group>"; };
		1C2576D015C041360069F3D0 /* jb.png */ = {isa = PBXFileReference; lastKnownFileType = image.png; path = jb.png; sourceTree = "<group>"; };
		1C2576D115C041360069F3D0 /* jr.png */ = {isa = PBXFileReference; lastKnownFileType = image.png; path = jr.png; sourceTree = "<group>"; };
		1C2576D215C041360069F3D0 /* s2.png */ = {isa = PBXFileReference; lastKnownFileType = image.png; path = s2.png; sourceTree = "<group>"; };
		1C2576D315C041360069F3D0 /* s3.png */ = {isa = PBXFileReference; lastKnownFileType = image.png; path = s3.png; sourceTree = "<group>"; };
		1C2576D415C041360069F3D0 /* s4.png */ = {isa = PBXFileReference; lastKnownFileType = image.png; path = s4.png; sourceTree = "<group>"; };
		1C2576D515C041360069F3D0 /* s5.png */ = {isa = PBXFileReference; lastKnownFileType = image.png; path = s5.png; sourceTree = "<group>"; };
		1C2576D615C041360069F3D0 /* s6.png */ = {isa = PBXFileReference; lastKnownFileType = image.png; path = s6.png; sourceTree = "<group>"; };
		1C2576D715C041360069F3D0 /* s7.png */ = {isa = PBXFileReference; lastKnownFileType = image.png; path = s7.png; sourceTree = "<group>"; };
		1C2576D815C041360069F3D0 /* s8.png */ = {isa = PBXFileReference; lastKnownFileType = image.png; path = s8.png; sourceTree = "<group>"; };
		1C2576D915C041370069F3D0 /* s9.png */ = {isa = PBXFileReference; lastKnownFileType = image.png; path = s9.png; sourceTree = "<group>"; };
		1C2576DA15C041370069F3D0 /* s10.png */ = {isa = PBXFileReference; lastKnownFileType = image.png; path = s10.png; sourceTree = "<group>"; };
		1C2576DB15C041370069F3D0 /* sa.png */ = {isa = PBXFileReference; lastKnownFileType = image.png; path = sa.png; sourceTree = "<group>"; };
		1C2576DC15C041380069F3D0 /* sj.png */ = {isa = PBXFileReference; lastKnownFileType = image.png; path = sj.png; sourceTree = "<group>"; };
		1C2576DD15C041380069F3D0 /* sk.png */ = {isa = PBXFileReference; lastKnownFileType = image.png; path = sk.png; sourceTree = "<group>"; };
		1C2576DE15C041380069F3D0 /* sq.png */ = {isa = PBXFileReference; lastKnownFileType = image.png; path = sq.png; sourceTree = "<group>"; };
		1C25772215C054100069F3D0 /* LDNStartupViewController.h */ = {isa = PBXFileReference; fileEncoding = 4; lastKnownFileType = sourcecode.c.h; path = LDNStartupViewController.h; sourceTree = "<group>"; };
		1C25772315C054100069F3D0 /* LDNStartupViewController.m */ = {isa = PBXFileReference; fileEncoding = 4; lastKnownFileType = sourcecode.c.objc; path = LDNStartupViewController.m; sourceTree = "<group>"; };
		1C36004715F62574000E59B4 /* NSArray+Extensions.h */ = {isa = PBXFileReference; fileEncoding = 4; lastKnownFileType = sourcecode.c.h; path = "NSArray+Extensions.h"; sourceTree = "<group>"; };
		1C36004815F62574000E59B4 /* NSArray+Extensions.m */ = {isa = PBXFileReference; fileEncoding = 4; lastKnownFileType = sourcecode.c.objc; path = "NSArray+Extensions.m"; sourceTree = "<group>"; };
		1C36004C15F62781000E59B4 /* NSArrayExtensionsTests.h */ = {isa = PBXFileReference; fileEncoding = 4; lastKnownFileType = sourcecode.c.h; path = NSArrayExtensionsTests.h; sourceTree = "<group>"; };
		1C36004D15F62781000E59B4 /* NSArrayExtensionsTests.m */ = {isa = PBXFileReference; fileEncoding = 4; lastKnownFileType = sourcecode.c.objc; path = NSArrayExtensionsTests.m; sourceTree = "<group>"; };
		1C36004F15F64118000E59B4 /* backs_green.png */ = {isa = PBXFileReference; lastKnownFileType = image.png; path = backs_green.png; sourceTree = "<group>"; };
		1C36007415F65A0A000E59B4 /* Go Fish Icon-72.png */ = {isa = PBXFileReference; lastKnownFileType = image.png; path = "Go Fish Icon-72.png"; sourceTree = SOURCE_ROOT; };
		1C36007515F65A0A000E59B4 /* Go Fish Icon-72@2x.png */ = {isa = PBXFileReference; lastKnownFileType = image.png; path = "Go Fish Icon-72@2x.png"; sourceTree = SOURCE_ROOT; };
		1C36007615F65A0A000E59B4 /* Go Fish Icon-Small-50.png */ = {isa = PBXFileReference; lastKnownFileType = image.png; path = "Go Fish Icon-Small-50.png"; sourceTree = SOURCE_ROOT; };
		1C36007715F65A0A000E59B4 /* Go Fish Icon-Small-50@2x.png */ = {isa = PBXFileReference; lastKnownFileType = image.png; path = "Go Fish Icon-Small-50@2x.png"; sourceTree = SOURCE_ROOT; };
		1C36007815F65A0A000E59B4 /* Go Fish Icon-Small.png */ = {isa = PBXFileReference; lastKnownFileType = image.png; path = "Go Fish Icon-Small.png"; sourceTree = SOURCE_ROOT; };
		1C36007915F65A0A000E59B4 /* Go Fish Icon-Small@2x.png */ = {isa = PBXFileReference; lastKnownFileType = image.png; path = "Go Fish Icon-Small@2x.png"; sourceTree = SOURCE_ROOT; };
		1C36007A15F65A0A000E59B4 /* Go Fish Icon.png */ = {isa = PBXFileReference; lastKnownFileType = image.png; path = "Go Fish Icon.png"; sourceTree = SOURCE_ROOT; };
		1C36007B15F65A0B000E59B4 /* Go Fish Icon@2x.png */ = {isa = PBXFileReference; lastKnownFileType = image.png; path = "Go Fish Icon@2x.png"; sourceTree = SOURCE_ROOT; };
		1C36007C15F65A0B000E59B4 /* iTunesArtwork */ = {isa = PBXFileReference; lastKnownFileType = file; name = iTunesArtwork; path = ../iTunesArtwork; sourceTree = "<group>"; };
		1C46585215BF389D002791ED /* LDNGoFishRobot.h */ = {isa = PBXFileReference; fileEncoding = 4; lastKnownFileType = sourcecode.c.h; path = LDNGoFishRobot.h; sourceTree = "<group>"; };
		1C46585315BF389D002791ED /* LDNGoFishRobot.m */ = {isa = PBXFileReference; fileEncoding = 4; lastKnownFileType = sourcecode.c.objc; path = LDNGoFishRobot.m; sourceTree = "<group>"; };
		1C5108421610FB6900241B15 /* LDNLoginController.h */ = {isa = PBXFileReference; fileEncoding = 4; lastKnownFileType = sourcecode.c.h; path = LDNLoginController.h; sourceTree = "<group>"; };
		1C5108431610FB6900241B15 /* LDNLoginController.m */ = {isa = PBXFileReference; fileEncoding = 4; lastKnownFileType = sourcecode.c.objc; path = LDNLoginController.m; sourceTree = "<group>"; };
		1C5BDA011612374F0078D913 /* NSData+Additions.h */ = {isa = PBXFileReference; fileEncoding = 4; lastKnownFileType = sourcecode.c.h; path = "NSData+Additions.h"; sourceTree = "<group>"; };
		1C5BDA021612374F0078D913 /* NSData+Additions.m */ = {isa = PBXFileReference; fileEncoding = 4; lastKnownFileType = sourcecode.c.objc; path = "NSData+Additions.m"; sourceTree = "<group>"; };
		1C76DBE31600E8E60056AAB4 /* GameKit.framework */ = {isa = PBXFileReference; lastKnownFileType = wrapper.framework; name = GameKit.framework; path = System/Library/Frameworks/GameKit.framework; sourceTree = SDKROOT; };
		1C96F77B15FC2D10001B4779 /* LDNMessageManagerTests.h */ = {isa = PBXFileReference; fileEncoding = 4; lastKnownFileType = sourcecode.c.h; path = LDNMessageManagerTests.h; sourceTree = "<group>"; };
		1C96F77C15FC2D11001B4779 /* LDNMessageManagerTests.m */ = {isa = PBXFileReference; fileEncoding = 4; lastKnownFileType = sourcecode.c.objc; path = LDNMessageManagerTests.m; sourceTree = "<group>"; };
		1C96F77F15FC360E001B4779 /* NSObject+PeformBlock.h */ = {isa = PBXFileReference; fileEncoding = 4; lastKnownFileType = sourcecode.c.h; path = "NSObject+PeformBlock.h"; sourceTree = "<group>"; };
		1C96F78015FC360E001B4779 /* NSObject+PeformBlock.m */ = {isa = PBXFileReference; fileEncoding = 4; lastKnownFileType = sourcecode.c.objc; path = "NSObject+PeformBlock.m"; sourceTree = "<group>"; };
		1CA3959215C1B7040036283E /* SenTestingKit.framework */ = {isa = PBXFileReference; lastKnownFileType = wrapper.framework; name = SenTestingKit.framework; path = Library/Frameworks/SenTestingKit.framework; sourceTree = DEVELOPER_DIR; };
		1CA9C2D615C380EE0044E5C5 /* CustomGradientButton.h */ = {isa = PBXFileReference; fileEncoding = 4; lastKnownFileType = sourcecode.c.h; path = CustomGradientButton.h; sourceTree = "<group>"; };
		1CA9C2D715C380EE0044E5C5 /* CustomGradientButton.m */ = {isa = PBXFileReference; fileEncoding = 4; lastKnownFileType = sourcecode.c.objc; path = CustomGradientButton.m; sourceTree = "<group>"; };
		1CB5882A16691FAF00B87E79 /* calabash.framework */ = {isa = PBXFileReference; lastKnownFileType = wrapper.framework; path = calabash.framework; sourceTree = "<group>"; };
		1CBBE69415C36C320031D7E9 /* QuartzCore.framework */ = {isa = PBXFileReference; lastKnownFileType = wrapper.framework; name = QuartzCore.framework; path = System/Library/Frameworks/QuartzCore.framework; sourceTree = SDKROOT; };
		1CC1FB4215F66618009587A0 /* Default-Landscape~ipad.png */ = {isa = PBXFileReference; lastKnownFileType = image.png; name = "Default-Landscape~ipad.png"; path = "../Default-Landscape~ipad.png"; sourceTree = "<group>"; };
		1CC1FB4615F66629009587A0 /* Default-Portrait~ipad.png */ = {isa = PBXFileReference; lastKnownFileType = image.png; name = "Default-Portrait~ipad.png"; path = "../Default-Portrait~ipad.png"; sourceTree = "<group>"; };
		1CC1FB5D15F97955009587A0 /* CardAnimationViewController.h */ = {isa = PBXFileReference; fileEncoding = 4; lastKnownFileType = sourcecode.c.h; path = CardAnimationViewController.h; sourceTree = "<group>"; };
		1CC1FB5E15F97955009587A0 /* CardAnimationViewController.m */ = {isa = PBXFileReference; fileEncoding = 4; lastKnownFileType = sourcecode.c.objc; path = CardAnimationViewController.m; sourceTree = "<group>"; };
		1CD20C0515C19934004DB60E /* background.jpeg */ = {isa = PBXFileReference; lastKnownFileType = image.jpeg; path = background.jpeg; sourceTree = "<group>"; };
		1CE2C79915C249DC0045DD32 /* Go Fish-cal.app */ = {isa = PBXFileReference; explicitFileType = wrapper.application; includeInIndex = 0; path = "Go Fish-cal.app"; sourceTree = BUILT_PRODUCTS_DIR; };
		1CF6138215BED26B00014D78 /* LDNPlayingCardTests.h */ = {isa = PBXFileReference; fileEncoding = 4; lastKnownFileType = sourcecode.c.h; path = LDNPlayingCardTests.h; sourceTree = "<group>"; };
		1CF6138315BED26B00014D78 /* LDNPlayingCardTests.m */ = {isa = PBXFileReference; fileEncoding = 4; lastKnownFileType = sourcecode.c.objc; name = LDNPlayingCardTests.m; path = "Go FishTests/LDNPlayingCardTests.m"; sourceTree = SOURCE_ROOT; };
		1CF6138615BED7F300014D78 /* LDNGoFishPlayerTests.h */ = {isa = PBXFileReference; fileEncoding = 4; lastKnownFileType = sourcecode.c.h; path = LDNGoFishPlayerTests.h; sourceTree = "<group>"; };
		1CF6138715BED7F300014D78 /* LDNGoFishPlayerTests.m */ = {isa = PBXFileReference; fileEncoding = 4; lastKnownFileType = sourcecode.c.objc; path = LDNGoFishPlayerTests.m; sourceTree = "<group>"; };
		1CFAFD7E15FA51D90041EF66 /* LDNCardImage.h */ = {isa = PBXFileReference; fileEncoding = 4; lastKnownFileType = sourcecode.c.h; path = LDNCardImage.h; sourceTree = "<group>"; };
		1CFAFD7F15FA51D90041EF66 /* LDNCardImage.m */ = {isa = PBXFileReference; fileEncoding = 4; lastKnownFileType = sourcecode.c.objc; path = LDNCardImage.m; sourceTree = "<group>"; };
		1CFAFD8415FBC0E70041EF66 /* LDNMessageManager.h */ = {isa = PBXFileReference; fileEncoding = 4; lastKnownFileType = sourcecode.c.h; name = LDNMessageManager.h; path = ../LDNMessageManager.h; sourceTree = "<group>"; };
		1CFAFD8515FBC0E70041EF66 /* LDNMessageManager.m */ = {isa = PBXFileReference; fileEncoding = 4; lastKnownFileType = sourcecode.c.objc; name = LDNMessageManager.m; path = ../LDNMessageManager.m; sourceTree = "<group>"; };
		AA21936916010EED005C67B4 /* LDNGoFishPlayerViewiPhone.h */ = {isa = PBXFileReference; fileEncoding = 4; lastKnownFileType = sourcecode.c.h; path = LDNGoFishPlayerViewiPhone.h; sourceTree = "<group>"; };
		AA21936A16010EED005C67B4 /* LDNGoFishPlayerViewiPhone.m */ = {isa = PBXFileReference; fileEncoding = 4; lastKnownFileType = sourcecode.c.objc; path = LDNGoFishPlayerViewiPhone.m; sourceTree = "<group>"; };
		AA26261515FECB750083ACFF /* Constants.h */ = {isa = PBXFileReference; fileEncoding = 4; lastKnownFileType = sourcecode.c.h; path = Constants.h; sourceTree = "<group>"; };
		AA26261615FECB750083ACFF /* Constants.m */ = {isa = PBXFileReference; fileEncoding = 4; lastKnownFileType = sourcecode.c.objc; path = Constants.m; sourceTree = "<group>"; };
		AA26261915FECBC50083ACFF /* LDNGoFishPlayerViewiPad.h */ = {isa = PBXFileReference; fileEncoding = 4; lastKnownFileType = sourcecode.c.h; path = LDNGoFishPlayerViewiPad.h; sourceTree = "<group>"; };
		AA26261A15FECBC50083ACFF /* LDNGoFishPlayerViewiPad.m */ = {isa = PBXFileReference; fileEncoding = 4; lastKnownFileType = sourcecode.c.objc; path = LDNGoFishPlayerViewiPad.m; sourceTree = "<group>"; };
		AAA8860B1600D8F200D4274D /* MessageUI.framework */ = {isa = PBXFileReference; lastKnownFileType = wrapper.framework; name = MessageUI.framework; path = System/Library/Frameworks/MessageUI.framework; sourceTree = SDKROOT; };
		e9a7b125588893ff8055094f /* CFNetwork.framework */ = {isa = PBXFileReference; lastKnownFileType = wrapper.framework; name = CFNetwork.framework; path = System/Library/Frameworks/CFNetwork.framework; sourceTree = SDKROOT; };
/* End PBXFileReference section */

/* Begin PBXFrameworksBuildPhase section */
		1C1FC79D15BDC785009393A1 /* Frameworks */ = {
			isa = PBXFrameworksBuildPhase;
			buildActionMask = 2147483647;
			files = (
				1C76DBE61600E8F60056AAB4 /* GameKit.framework in Frameworks */,
				AAA8860E1600D91100D4274D /* MessageUI.framework in Frameworks */,
				1CBBE69815C36D7E0031D7E9 /* QuartzCore.framework in Frameworks */,
				1C1FC7A515BDC785009393A1 /* UIKit.framework in Frameworks */,
				1C1FC7A715BDC785009393A1 /* Foundation.framework in Frameworks */,
				1C1FC7A915BDC785009393A1 /* CoreGraphics.framework in Frameworks */,
			);
			runOnlyForDeploymentPostprocessing = 0;
		};
		1C1FC7C015BDC785009393A1 /* Frameworks */ = {
			isa = PBXFrameworksBuildPhase;
			buildActionMask = 2147483647;
			files = (
				1CA3959415C1B7230036283E /* SenTestingKit.framework in Frameworks */,
				1C1FC7C715BDC785009393A1 /* UIKit.framework in Frameworks */,
				1C1FC7C815BDC785009393A1 /* Foundation.framework in Frameworks */,
			);
			runOnlyForDeploymentPostprocessing = 0;
		};
		93ccda071f85e6db34220389 /* Frameworks */ = {
			isa = PBXFrameworksBuildPhase;
			buildActionMask = 2147483647;
			files = (
				1CB5882C16691FBB00B87E79 /* calabash.framework in Frameworks */,
				1CB588291669189600B87E79 /* MessageUI.framework in Frameworks */,
				1CBBE69715C36D6E0031D7E9 /* QuartzCore.framework in Frameworks */,
				66c8f525eae5675293d196e9 /* UIKit.framework in Frameworks */,
				dc47216d3622e9358bc1d57d /* Foundation.framework in Frameworks */,
				ea17ba2feadca0a45c7e6a78 /* CoreGraphics.framework in Frameworks */,
				a2cadae7e13380b0eae1db96 /* CFNetwork.framework in Frameworks */,
			);
			runOnlyForDeploymentPostprocessing = 0;
		};
/* End PBXFrameworksBuildPhase section */

/* Begin PBXGroup section */
		1C1FC79515BDC785009393A1 = {
			isa = PBXGroup;
			children = (
				1C1FC7AA15BDC785009393A1 /* Go Fish */,
				1C1FC7AB15BDC785009393A1 /* Supporting Files */,
				1C1FC7CB15BDC785009393A1 /* Go FishTests */,
				1C1FC7A315BDC785009393A1 /* Frameworks */,
				1C1FC7A115BDC785009393A1 /* Products */,
			);
			sourceTree = "<group>";
		};
		1C1FC7A115BDC785009393A1 /* Products */ = {
			isa = PBXGroup;
			children = (
				1C1FC7A015BDC785009393A1 /* Go Fish.app */,
				1C1FC7C415BDC785009393A1 /* Go FishTests.octest */,
				1CE2C79915C249DC0045DD32 /* Go Fish-cal.app */,
			);
			name = Products;
			sourceTree = "<group>";
		};
		1C1FC7A315BDC785009393A1 /* Frameworks */ = {
			isa = PBXGroup;
			children = (
				1CB5882A16691FAF00B87E79 /* calabash.framework */,
				1C76DBE31600E8E60056AAB4 /* GameKit.framework */,
				AAA8860B1600D8F200D4274D /* MessageUI.framework */,
				1C1FC7A615BDC785009393A1 /* Foundation.framework */,
				1C1FC7A415BDC785009393A1 /* UIKit.framework */,
				1CBBE69415C36C320031D7E9 /* QuartzCore.framework */,
				1C1FC7A815BDC785009393A1 /* CoreGraphics.framework */,
				1CA3959215C1B7040036283E /* SenTestingKit.framework */,
				e9a7b125588893ff8055094f /* CFNetwork.framework */,
			);
			name = Frameworks;
			sourceTree = "<group>";
		};
		1C1FC7AA15BDC785009393A1 /* Go Fish */ = {
			isa = PBXGroup;
			children = (
				1CC1FB4815F66AB9009587A0 /* Icons */,
				1C07503A15F2BF01003D45CC /* card-table.png */,
				1CD20C0515C19934004DB60E /* background.jpeg */,
				1C25771915C041410069F3D0 /* Card Images */,
				1C1FC7F315BDDC14009393A1 /* Startup */,
				1C1FC7F415BDDC1D009393A1 /* UI */,
				1C1FC7BC15BDC785009393A1 /* LDNViewController.h */,
				1C1FC7BD15BDC785009393A1 /* LDNViewController.m */,
				1C5108421610FB6900241B15 /* LDNLoginController.h */,
				1C5108431610FB6900241B15 /* LDNLoginController.m */,
				1C25772215C054100069F3D0 /* LDNStartupViewController.h */,
				1C25772315C054100069F3D0 /* LDNStartupViewController.m */,
				1CA9C2D615C380EE0044E5C5 /* CustomGradientButton.h */,
				1CA9C2D715C380EE0044E5C5 /* CustomGradientButton.m */,
				1CC1FB5C15F9734A009587A0 /* Deck of Cards Animation */,
				AA4A356615FECEF700DE78E3 /* Messages */,
				1CF6138915BED9A500014D78 /* Game */,
				1CF6138A15BED9B000014D78 /* Player */,
				AA4A356415FECEEF00DE78E3 /* PlayerUI */,
				1CF6138B15BED9BB00014D78 /* Cards */,
				1C36004615F6252C000E59B4 /* Class Categories/Extensions */,
			);
			path = "Go Fish";
			sourceTree = "<group>";
		};
		1C1FC7AB15BDC785009393A1 /* Supporting Files */ = {
			isa = PBXGroup;
			children = (
				1C1FC7AC15BDC785009393A1 /* Go Fish-Info.plist */,
				1C1FC7AD15BDC785009393A1 /* InfoPlist.strings */,
				1C1FC7B015BDC785009393A1 /* main.m */,
				1C1FC7B215BDC785009393A1 /* Go Fish-Prefix.pch */,
			);
			name = "Supporting Files";
			path = "Go Fish";
			sourceTree = "<group>";
		};
		1C1FC7CB15BDC785009393A1 /* Go FishTests */ = {
			isa = PBXGroup;
			children = (
				1C1FC7CC15BDC785009393A1 /* Supporting Files */,
				1C1FC7E015BDC869009393A1 /* LDNGoFishGameTests.h */,
				1C1FC7E115BDC869009393A1 /* LDNGoFishGameTests.m */,
				1C1FC7EF15BDD96D009393A1 /* LDNDeckOfCardsTests.h */,
				1C1FC7F015BDD96D009393A1 /* LDNDeckOfCardsTests.m */,
				1CF6138215BED26B00014D78 /* LDNPlayingCardTests.h */,
				1CF6138315BED26B00014D78 /* LDNPlayingCardTests.m */,
				1CF6138615BED7F300014D78 /* LDNGoFishPlayerTests.h */,
				1CF6138715BED7F300014D78 /* LDNGoFishPlayerTests.m */,
				1C36004C15F62781000E59B4 /* NSArrayExtensionsTests.h */,
				1C36004D15F62781000E59B4 /* NSArrayExtensionsTests.m */,
				1C96F77B15FC2D10001B4779 /* LDNMessageManagerTests.h */,
				1C96F77C15FC2D11001B4779 /* LDNMessageManagerTests.m */,
			);
			path = "Go FishTests";
			sourceTree = "<group>";
		};
		1C1FC7CC15BDC785009393A1 /* Supporting Files */ = {
			isa = PBXGroup;
			children = (
				1C1FC7CD15BDC785009393A1 /* Go FishTests-Info.plist */,
				1C1FC7CE15BDC785009393A1 /* InfoPlist.strings */,
			);
			name = "Supporting Files";
			sourceTree = "<group>";
		};
		1C1FC7F315BDDC14009393A1 /* Startup */ = {
			isa = PBXGroup;
			children = (
				1C1FC7B315BDC785009393A1 /* LDNAppDelegate.h */,
				1C1FC7B415BDC785009393A1 /* LDNAppDelegate.m */,
			);
			name = Startup;
			sourceTree = "<group>";
		};
		1C1FC7F415BDDC1D009393A1 /* UI */ = {
			isa = PBXGroup;
			children = (
				1C1FC7B615BDC785009393A1 /* MainStoryboard_iPhone.storyboard */,
				1C1FC7B915BDC785009393A1 /* MainStoryboard_iPad.storyboard */,
			);
			name = UI;
			sourceTree = "<group>";
		};
		1C25771915C041410069F3D0 /* Card Images */ = {
			isa = PBXGroup;
			children = (
				1C36004F15F64118000E59B4 /* backs_green.png */,
				1C1212D215C1D2FF005EF4BC /* backs_blue_rotated.png */,
				1C2576A615C041330069F3D0 /* backs_blue.png */,
				1C2576A715C041330069F3D0 /* backs_red.png */,
				1C2576A815C041330069F3D0 /* c2.png */,
				1C2576A915C041330069F3D0 /* c3.png */,
				1C2576AA15C041340069F3D0 /* c4.png */,
				1C2576AB15C041340069F3D0 /* c5.png */,
				1C2576AC15C041340069F3D0 /* c6.png */,
				1C2576AD15C041340069F3D0 /* c7.png */,
				1C2576AE15C041340069F3D0 /* c8.png */,
				1C2576AF15C041340069F3D0 /* c9.png */,
				1C2576B015C041340069F3D0 /* c10.png */,
				1C2576B115C041340069F3D0 /* ca.png */,
				1C2576B215C041340069F3D0 /* cj.png */,
				1C2576B315C041340069F3D0 /* ck.png */,
				1C2576B415C041340069F3D0 /* cq.png */,
				1C2576B515C041340069F3D0 /* d2.png */,
				1C2576B615C041340069F3D0 /* d3.png */,
				1C2576B715C041340069F3D0 /* d4.png */,
				1C2576B815C041340069F3D0 /* d5.png */,
				1C2576B915C041340069F3D0 /* d6.png */,
				1C2576BA15C041340069F3D0 /* d7.png */,
				1C2576BB15C041340069F3D0 /* d8.png */,
				1C2576BC15C041340069F3D0 /* d9.png */,
				1C2576BD15C041340069F3D0 /* d10.png */,
				1C2576BE15C041340069F3D0 /* da.png */,
				1C2576BF15C041350069F3D0 /* dj.png */,
				1C2576C015C041350069F3D0 /* dk.png */,
				1C2576C115C041350069F3D0 /* dq.png */,
				1C2576C215C041350069F3D0 /* ec.png */,
				1C2576C315C041350069F3D0 /* h2.png */,
				1C2576C415C041350069F3D0 /* h3.png */,
				1C2576C515C041350069F3D0 /* h4.png */,
				1C2576C615C041350069F3D0 /* h5.png */,
				1C2576C715C041350069F3D0 /* h6.png */,
				1C2576C815C041350069F3D0 /* h7.png */,
				1C2576C915C041350069F3D0 /* h8.png */,
				1C2576CA15C041350069F3D0 /* h9.png */,
				1C2576CB15C041350069F3D0 /* h10.png */,
				1C2576CC15C041350069F3D0 /* ha.png */,
				1C2576CD15C041350069F3D0 /* hj.png */,
				1C2576CE15C041350069F3D0 /* hk.png */,
				1C2576CF15C041350069F3D0 /* hq.png */,
				1C2576D015C041360069F3D0 /* jb.png */,
				1C2576D115C041360069F3D0 /* jr.png */,
				1C2576D215C041360069F3D0 /* s2.png */,
				1C2576D315C041360069F3D0 /* s3.png */,
				1C2576D415C041360069F3D0 /* s4.png */,
				1C2576D515C041360069F3D0 /* s5.png */,
				1C2576D615C041360069F3D0 /* s6.png */,
				1C2576D715C041360069F3D0 /* s7.png */,
				1C2576D815C041360069F3D0 /* s8.png */,
				1C2576D915C041370069F3D0 /* s9.png */,
				1C2576DA15C041370069F3D0 /* s10.png */,
				1C2576DB15C041370069F3D0 /* sa.png */,
				1C2576DC15C041380069F3D0 /* sj.png */,
				1C2576DD15C041380069F3D0 /* sk.png */,
				1C2576DE15C041380069F3D0 /* sq.png */,
			);
			name = "Card Images";
			sourceTree = "<group>";
		};
		1C36004615F6252C000E59B4 /* Class Categories/Extensions */ = {
			isa = PBXGroup;
			children = (
				AA26261515FECB750083ACFF /* Constants.h */,
				AA26261615FECB750083ACFF /* Constants.m */,
				1C36004715F62574000E59B4 /* NSArray+Extensions.h */,
				1C36004815F62574000E59B4 /* NSArray+Extensions.m */,
				1C96F77F15FC360E001B4779 /* NSObject+PeformBlock.h */,
				1C96F78015FC360E001B4779 /* NSObject+PeformBlock.m */,
				1C5BDA011612374F0078D913 /* NSData+Additions.h */,
				1C5BDA021612374F0078D913 /* NSData+Additions.m */,
			);
			name = "Class Categories/Extensions";
			sourceTree = "<group>";
		};
		1CC1FB4815F66AB9009587A0 /* Icons */ = {
			isa = PBXGroup;
			children = (
				1CC1FB4615F66629009587A0 /* Default-Portrait~ipad.png */,
				1CC1FB4215F66618009587A0 /* Default-Landscape~ipad.png */,
				1C36007415F65A0A000E59B4 /* Go Fish Icon-72.png */,
				1C36007515F65A0A000E59B4 /* Go Fish Icon-72@2x.png */,
				1C36007615F65A0A000E59B4 /* Go Fish Icon-Small-50.png */,
				1C36007715F65A0A000E59B4 /* Go Fish Icon-Small-50@2x.png */,
				1C36007815F65A0A000E59B4 /* Go Fish Icon-Small.png */,
				1C36007915F65A0A000E59B4 /* Go Fish Icon-Small@2x.png */,
				1C36007A15F65A0A000E59B4 /* Go Fish Icon.png */,
				1C36007B15F65A0B000E59B4 /* Go Fish Icon@2x.png */,
				1C36007C15F65A0B000E59B4 /* iTunesArtwork */,
			);
			name = Icons;
			sourceTree = "<group>";
		};
		1CC1FB5C15F9734A009587A0 /* Deck of Cards Animation */ = {
			isa = PBXGroup;
			children = (
				1CC1FB5D15F97955009587A0 /* CardAnimationViewController.h */,
				1CC1FB5E15F97955009587A0 /* CardAnimationViewController.m */,
			);
			name = "Deck of Cards Animation";
			sourceTree = "<group>";
		};
		1CF6138915BED9A500014D78 /* Game */ = {
			isa = PBXGroup;
			children = (
				1C1FC7E315BDCA82009393A1 /* LDNGoFishGame.h */,
				1C1FC7E415BDCA82009393A1 /* LDNGoFishGame.m */,
			);
			name = Game;
			sourceTree = "<group>";
		};
		1CF6138A15BED9B000014D78 /* Player */ = {
			isa = PBXGroup;
			children = (
				1C1FC7E715BDD245009393A1 /* LDNGoFishPlayer.h */,
				1C1FC7E815BDD245009393A1 /* LDNGoFishPlayer.m */,
				1C46585215BF389D002791ED /* LDNGoFishRobot.h */,
				1C46585315BF389D002791ED /* LDNGoFishRobot.m */,
			);
			name = Player;
			sourceTree = "<group>";
		};
		1CF6138B15BED9BB00014D78 /* Cards */ = {
			isa = PBXGroup;
			children = (
				1CFAFD7E15FA51D90041EF66 /* LDNCardImage.h */,
				1CFAFD7F15FA51D90041EF66 /* LDNCardImage.m */,
				1C1FC7EB15BDD728009393A1 /* LDNDeckOfCards.h */,
				1C1FC7EC15BDD728009393A1 /* LDNDeckOfCards.m */,
				1C1FC7F515BDE17D009393A1 /* LDNPlayingCard.h */,
				1C1FC7F615BDE17D009393A1 /* LDNPlayingCard.m */,
			);
			name = Cards;
			sourceTree = "<group>";
		};
		AA4A356415FECEEF00DE78E3 /* PlayerUI */ = {
			isa = PBXGroup;
			children = (
				AA26261915FECBC50083ACFF /* LDNGoFishPlayerViewiPad.h */,
				AA26261A15FECBC50083ACFF /* LDNGoFishPlayerViewiPad.m */,
				AA21936916010EED005C67B4 /* LDNGoFishPlayerViewiPhone.h */,
				AA21936A16010EED005C67B4 /* LDNGoFishPlayerViewiPhone.m */,
			);
			name = PlayerUI;
			sourceTree = "<group>";
		};
		AA4A356615FECEF700DE78E3 /* Messages */ = {
			isa = PBXGroup;
			children = (
				1CFAFD8415FBC0E70041EF66 /* LDNMessageManager.h */,
				1CFAFD8515FBC0E70041EF66 /* LDNMessageManager.m */,
			);
			name = Messages;
			sourceTree = "<group>";
		};
/* End PBXGroup section */

/* Begin PBXNativeTarget section */
		1C1FC79F15BDC785009393A1 /* Go Fish */ = {
			isa = PBXNativeTarget;
			buildConfigurationList = 1C1FC7D615BDC785009393A1 /* Build configuration list for PBXNativeTarget "Go Fish" */;
			buildPhases = (
				1C1FC79C15BDC785009393A1 /* Sources */,
				1C1FC79D15BDC785009393A1 /* Frameworks */,
				1C1FC79E15BDC785009393A1 /* Resources */,
			);
			buildRules = (
			);
			dependencies = (
			);
			name = "Go Fish";
			productName = "Go Fish";
			productReference = 1C1FC7A015BDC785009393A1 /* Go Fish.app */;
			productType = "com.apple.product-type.application";
		};
		1C1FC7C315BDC785009393A1 /* Go FishTests */ = {
			isa = PBXNativeTarget;
			buildConfigurationList = 1C1FC7D915BDC785009393A1 /* Build configuration list for PBXNativeTarget "Go FishTests" */;
			buildPhases = (
				1C1FC7BF15BDC785009393A1 /* Sources */,
				1C1FC7C015BDC785009393A1 /* Frameworks */,
				1C1FC7C115BDC785009393A1 /* Resources */,
				1C1FC7C215BDC785009393A1 /* ShellScript */,
			);
			buildRules = (
			);
			dependencies = (
				1C1FC7CA15BDC785009393A1 /* PBXTargetDependency */,
			);
			name = "Go FishTests";
			productName = "Go FishTests";
			productReference = 1C1FC7C415BDC785009393A1 /* Go FishTests.octest */;
			productType = "com.apple.product-type.bundle";
		};
		9c12694d2e3ca6d07182dfd8 /* Go Fish-cal */ = {
			isa = PBXNativeTarget;
			buildConfigurationList = 8ffb0dcf2a0c4426ff2fc189 /* Build configuration list for PBXNativeTarget "Go Fish-cal" */;
			buildPhases = (
				f67ac12aca8d29ae184c7c07 /* Sources */,
				93ccda071f85e6db34220389 /* Frameworks */,
				050501fca3476a9f714bc1e1 /* Resources */,
			);
			buildRules = (
			);
			dependencies = (
			);
			name = "Go Fish-cal";
			productName = "Go Fish-cal";
			productReference = 1CE2C79915C249DC0045DD32 /* Go Fish-cal.app */;
			productType = "com.apple.product-type.application";
		};
/* End PBXNativeTarget section */

/* Begin PBXProject section */
		1C1FC79715BDC785009393A1 /* Project object */ = {
			isa = PBXProject;
			attributes = {
				CLASSPREFIX = LDN;
				LastUpgradeCheck = 0430;
				ORGANIZATIONNAME = "Light Design";
			};
			buildConfigurationList = 1C1FC79A15BDC785009393A1 /* Build configuration list for PBXProject "Go Fish" */;
			compatibilityVersion = "Xcode 3.2";
			developmentRegion = English;
			hasScannedForEncodings = 0;
			knownRegions = (
				en,
			);
			mainGroup = 1C1FC79515BDC785009393A1;
			productRefGroup = 1C1FC7A115BDC785009393A1 /* Products */;
			projectDirPath = "";
			projectRoot = "";
			targets = (
				1C1FC79F15BDC785009393A1 /* Go Fish */,
				1C1FC7C315BDC785009393A1 /* Go FishTests */,
				9c12694d2e3ca6d07182dfd8 /* Go Fish-cal */,
			);
		};
/* End PBXProject section */

/* Begin PBXResourcesBuildPhase section */
		050501fca3476a9f714bc1e1 /* Resources */ = {
			isa = PBXResourcesBuildPhase;
			buildActionMask = 2147483647;
			files = (
				210554f998a7755a640203f8 /* InfoPlist.strings in Resources */,
				374902643b773b3300cfa5b6 /* MainStoryboard_iPhone.storyboard in Resources */,
				ffb5593b9da02b332f48671f /* MainStoryboard_iPad.storyboard in Resources */,
				a0bdb34cf7b5f7eb9122ff9a /* backs_blue.png in Resources */,
				f18fb36057085f4220b4ec54 /* backs_red.png in Resources */,
				639b5289667e8f2171ae0af4 /* c2.png in Resources */,
				5f9441da4f6a3f00dda823cb /* c3.png in Resources */,
				5818e2655513d925cea28ae5 /* c4.png in Resources */,
				6abcf1641fb72b21d1a76ce8 /* c5.png in Resources */,
				9a5c77706fa0745439c49c60 /* c6.png in Resources */,
				c075dd16c5bd2aefe751137d /* c7.png in Resources */,
				322fd8b3144bf63b7562bb64 /* c8.png in Resources */,
				a2cb6336fe0b0771cd8fac92 /* c9.png in Resources */,
				39419e0e141b9dce512d3329 /* c10.png in Resources */,
				25fb9ad35d2dfb8a244640ce /* ca.png in Resources */,
				ec20752808f12e6adc48048e /* cj.png in Resources */,
				6b2b4d5b210c4cfc8d65a4a5 /* ck.png in Resources */,
				a64967d04476d2c8c83eda70 /* cq.png in Resources */,
				61349662219c50dad05e46db /* d2.png in Resources */,
				4f0c09acd2e7435ca85fe272 /* d3.png in Resources */,
				20e39cc6e659ac8571df13ac /* d4.png in Resources */,
				ba68f73bd885d14dab4a7bcf /* d5.png in Resources */,
				6bcc381838b4c37d23b7c878 /* d6.png in Resources */,
				c948a8e581c8fc6e18abd652 /* d7.png in Resources */,
				f7a31ff51f831971da109e93 /* d8.png in Resources */,
				8f8a4afdc5da9d5398976616 /* d9.png in Resources */,
				cd585b9d307d29d86e51cbe7 /* d10.png in Resources */,
				3530d7e089b4dba498c4556e /* da.png in Resources */,
				b4a0af59ece71a01d3e808a9 /* dj.png in Resources */,
				a22d13ca131a7a1ae7d0ccb8 /* dk.png in Resources */,
				2063d0f082dd1d6211ae906a /* dq.png in Resources */,
				a37b8c99fa4e82ea629fec2f /* ec.png in Resources */,
				f6f306c7f7769bb0722d69b1 /* h2.png in Resources */,
				2b2b0688d65e3f6f8401a232 /* h3.png in Resources */,
				bf95c563be09538d63352c5f /* h4.png in Resources */,
				3000d2bc97900a7b999e2618 /* h5.png in Resources */,
				4105afc85131319d457253d4 /* h6.png in Resources */,
				047b754bc89e312f415b9254 /* h7.png in Resources */,
				93a33ee778ee1437c2be3741 /* h8.png in Resources */,
				d3bdc0aa59d97652c10e52d5 /* h9.png in Resources */,
				3e22bb1fc7671340a43921bf /* h10.png in Resources */,
				a4f471c701a515cc7a477981 /* ha.png in Resources */,
				fa989d0c8d601affa852b9a2 /* hj.png in Resources */,
				bf225ce1d5e253d713c2335f /* hk.png in Resources */,
				5f7a3bb575c6693ab07cf1b1 /* hq.png in Resources */,
				ba81c59b025fa87e22285fe9 /* jb.png in Resources */,
				04cfb6cb97feb2bf3d500667 /* jr.png in Resources */,
				aa242cc4f0dd499b7b2b1c47 /* s2.png in Resources */,
				a831b021b43cb41688b263e9 /* s3.png in Resources */,
				8729dd44325e9e64d86bbd7d /* s4.png in Resources */,
				e2b02814fb324b7db2cc04ab /* s5.png in Resources */,
				fb0fa5843f0b292b0e7885fc /* s6.png in Resources */,
				16dc20bdf07341e1e366a46b /* s7.png in Resources */,
				2e28a1225cf0b2c0f301479f /* s8.png in Resources */,
				c36b0dfb0d3fb78919bec46b /* s9.png in Resources */,
				82f2be7ae9b2a8a952595de2 /* s10.png in Resources */,
				da432ccbb23534c94c4d3173 /* sa.png in Resources */,
				1ae6aa94ba1c7f551ecb6d50 /* sj.png in Resources */,
				9e5da4c75f962559f858e2a5 /* sk.png in Resources */,
				37d5fcedf7546fb6f4d2697c /* sq.png in Resources */,
				03301f739909bb01259b059a /* background.jpeg in Resources */,
				4fe384b93574475b92b70946 /* backs_blue_rotated.png in Resources */,
				1C36005115F64118000E59B4 /* backs_green.png in Resources */,
			);
			runOnlyForDeploymentPostprocessing = 0;
		};
		1C1FC79E15BDC785009393A1 /* Resources */ = {
			isa = PBXResourcesBuildPhase;
			buildActionMask = 2147483647;
			files = (
				1C1FC7AF15BDC785009393A1 /* InfoPlist.strings in Resources */,
				1C1FC7B815BDC785009393A1 /* MainStoryboard_iPhone.storyboard in Resources */,
				1C1FC7BB15BDC785009393A1 /* MainStoryboard_iPad.storyboard in Resources */,
				1C2576DF15C041380069F3D0 /* backs_blue.png in Resources */,
				1C2576E015C041380069F3D0 /* backs_red.png in Resources */,
				1C2576E115C041380069F3D0 /* c2.png in Resources */,
				1C2576E215C041380069F3D0 /* c3.png in Resources */,
				1C2576E315C041380069F3D0 /* c4.png in Resources */,
				1C2576E415C041380069F3D0 /* c5.png in Resources */,
				1C2576E515C041380069F3D0 /* c6.png in Resources */,
				1C2576E615C041380069F3D0 /* c7.png in Resources */,
				1C2576E715C041380069F3D0 /* c8.png in Resources */,
				1C2576E815C041380069F3D0 /* c9.png in Resources */,
				1C2576E915C041380069F3D0 /* c10.png in Resources */,
				1C2576EA15C041380069F3D0 /* ca.png in Resources */,
				1C2576EB15C041380069F3D0 /* cj.png in Resources */,
				1C2576EC15C041380069F3D0 /* ck.png in Resources */,
				1C2576ED15C041380069F3D0 /* cq.png in Resources */,
				1C2576EE15C041380069F3D0 /* d2.png in Resources */,
				1C2576EF15C041380069F3D0 /* d3.png in Resources */,
				1C2576F015C041380069F3D0 /* d4.png in Resources */,
				1C2576F115C041380069F3D0 /* d5.png in Resources */,
				1C2576F215C041380069F3D0 /* d6.png in Resources */,
				1C2576F315C041380069F3D0 /* d7.png in Resources */,
				1C2576F415C041380069F3D0 /* d8.png in Resources */,
				1C2576F515C041380069F3D0 /* d9.png in Resources */,
				1C2576F615C041380069F3D0 /* d10.png in Resources */,
				1C2576F715C041380069F3D0 /* da.png in Resources */,
				1C2576F815C041380069F3D0 /* dj.png in Resources */,
				1C2576F915C041380069F3D0 /* dk.png in Resources */,
				1C2576FA15C041380069F3D0 /* dq.png in Resources */,
				1C2576FB15C041380069F3D0 /* ec.png in Resources */,
				1C2576FC15C041380069F3D0 /* h2.png in Resources */,
				1C2576FD15C041380069F3D0 /* h3.png in Resources */,
				1C2576FE15C041380069F3D0 /* h4.png in Resources */,
				1C2576FF15C041380069F3D0 /* h5.png in Resources */,
				1C25770015C041380069F3D0 /* h6.png in Resources */,
				1C25770115C041380069F3D0 /* h7.png in Resources */,
				1C25770215C041380069F3D0 /* h8.png in Resources */,
				1C25770315C041380069F3D0 /* h9.png in Resources */,
				1C25770415C041380069F3D0 /* h10.png in Resources */,
				1C25770515C041380069F3D0 /* ha.png in Resources */,
				1C25770615C041380069F3D0 /* hj.png in Resources */,
				1C25770715C041380069F3D0 /* hk.png in Resources */,
				1C25770815C041380069F3D0 /* hq.png in Resources */,
				1C25770915C041380069F3D0 /* jb.png in Resources */,
				1C25770A15C041380069F3D0 /* jr.png in Resources */,
				1C25770B15C041380069F3D0 /* s2.png in Resources */,
				1C25770C15C041380069F3D0 /* s3.png in Resources */,
				1C25770D15C041380069F3D0 /* s4.png in Resources */,
				1C25770E15C041380069F3D0 /* s5.png in Resources */,
				1C25770F15C041380069F3D0 /* s6.png in Resources */,
				1C25771015C041380069F3D0 /* s7.png in Resources */,
				1C25771115C041380069F3D0 /* s8.png in Resources */,
				1C25771215C041380069F3D0 /* s9.png in Resources */,
				1C25771315C041380069F3D0 /* s10.png in Resources */,
				1C25771415C041380069F3D0 /* sa.png in Resources */,
				1C25771515C041380069F3D0 /* sj.png in Resources */,
				1C25771615C041380069F3D0 /* sk.png in Resources */,
				1C25771715C041380069F3D0 /* sq.png in Resources */,
				1CD20C0615C19934004DB60E /* background.jpeg in Resources */,
				1C1212D315C1D2FF005EF4BC /* backs_blue_rotated.png in Resources */,
				1C07503B15F2BF01003D45CC /* card-table.png in Resources */,
				1C36005015F64118000E59B4 /* backs_green.png in Resources */,
				1C36008615F65A14000E59B4 /* Go Fish Icon.png in Resources */,
				1C36008715F65A17000E59B4 /* Go Fish Icon@2x.png in Resources */,
				1C36008815F65A1D000E59B4 /* Go Fish Icon-72.png in Resources */,
				1C36008915F65A20000E59B4 /* Go Fish Icon-72@2x.png in Resources */,
				1CC1FB4315F66618009587A0 /* Default-Landscape~ipad.png in Resources */,
				1CC1FB4715F66629009587A0 /* Default-Portrait~ipad.png in Resources */,
			);
			runOnlyForDeploymentPostprocessing = 0;
		};
		1C1FC7C115BDC785009393A1 /* Resources */ = {
			isa = PBXResourcesBuildPhase;
			buildActionMask = 2147483647;
			files = (
				1C1FC7D015BDC785009393A1 /* InfoPlist.strings in Resources */,
				1C36007D15F65A0B000E59B4 /* Go Fish Icon-72.png in Resources */,
				1C36007E15F65A0B000E59B4 /* Go Fish Icon-72@2x.png in Resources */,
				1C36007F15F65A0B000E59B4 /* Go Fish Icon-Small-50.png in Resources */,
				1C36008015F65A0B000E59B4 /* Go Fish Icon-Small-50@2x.png in Resources */,
				1C36008115F65A0B000E59B4 /* Go Fish Icon-Small.png in Resources */,
				1C36008215F65A0B000E59B4 /* Go Fish Icon-Small@2x.png in Resources */,
				1C36008315F65A0B000E59B4 /* Go Fish Icon.png in Resources */,
				1C36008415F65A0B000E59B4 /* Go Fish Icon@2x.png in Resources */,
				1C36008515F65A0B000E59B4 /* iTunesArtwork in Resources */,
			);
			runOnlyForDeploymentPostprocessing = 0;
		};
/* End PBXResourcesBuildPhase section */

/* Begin PBXShellScriptBuildPhase section */
		1C1FC7C215BDC785009393A1 /* ShellScript */ = {
			isa = PBXShellScriptBuildPhase;
			buildActionMask = 2147483647;
			files = (
			);
			inputPaths = (
			);
			outputPaths = (
			);
			runOnlyForDeploymentPostprocessing = 0;
			shellPath = /bin/sh;
			shellScript = "# Run the unit tests in this test bundle.\n\"${SYSTEM_DEVELOPER_DIR}/Tools/RunUnitTests\"\n";
		};
/* End PBXShellScriptBuildPhase section */

/* Begin PBXSourcesBuildPhase section */
		1C1FC79C15BDC785009393A1 /* Sources */ = {
			isa = PBXSourcesBuildPhase;
			buildActionMask = 2147483647;
			files = (
				1C1FC7B115BDC785009393A1 /* main.m in Sources */,
				1C1FC7B515BDC785009393A1 /* LDNAppDelegate.m in Sources */,
				1C1FC7BE15BDC785009393A1 /* LDNViewController.m in Sources */,
				1C1FC7E515BDCA82009393A1 /* LDNGoFishGame.m in Sources */,
				1C1FC7E915BDD245009393A1 /* LDNGoFishPlayer.m in Sources */,
				1C1FC7ED15BDD728009393A1 /* LDNDeckOfCards.m in Sources */,
				1C1FC7F715BDE17D009393A1 /* LDNPlayingCard.m in Sources */,
				1C46585415BF389D002791ED /* LDNGoFishRobot.m in Sources */,
				1C25772415C054100069F3D0 /* LDNStartupViewController.m in Sources */,
				1CA9C2D815C380EE0044E5C5 /* CustomGradientButton.m in Sources */,
				1C36004915F62574000E59B4 /* NSArray+Extensions.m in Sources */,
				1CC1FB5F15F97955009587A0 /* CardAnimationViewController.m in Sources */,
				1CFAFD8015FA51D90041EF66 /* LDNCardImage.m in Sources */,
				1CFAFD8615FBC0E80041EF66 /* LDNMessageManager.m in Sources */,
				1C96F78115FC360E001B4779 /* NSObject+PeformBlock.m in Sources */,
				AA26261815FECB810083ACFF /* Constants.m in Sources */,
				AA26261B15FECBC50083ACFF /* LDNGoFishPlayerViewiPad.m in Sources */,
				AA21936D160119B1005C67B4 /* LDNGoFishPlayerViewiPhone.m in Sources */,
				1C5108441610FB6900241B15 /* LDNLoginController.m in Sources */,
			);
			runOnlyForDeploymentPostprocessing = 0;
		};
		1C1FC7BF15BDC785009393A1 /* Sources */ = {
			isa = PBXSourcesBuildPhase;
			buildActionMask = 2147483647;
			files = (
				1C1FC7E215BDC869009393A1 /* LDNGoFishGameTests.m in Sources */,
				1C1FC7E615BDCA82009393A1 /* LDNGoFishGame.m in Sources */,
				1C1FC7EA15BDD245009393A1 /* LDNGoFishPlayer.m in Sources */,
				1C1FC7EE15BDD728009393A1 /* LDNDeckOfCards.m in Sources */,
				1C1FC7F215BDD96D009393A1 /* LDNDeckOfCardsTests.m in Sources */,
				1C1FC7F815BDE17D009393A1 /* LDNPlayingCard.m in Sources */,
				1CF6138415BED26B00014D78 /* LDNPlayingCardTests.m in Sources */,
				1CF6138815BED7F300014D78 /* LDNGoFishPlayerTests.m in Sources */,
				1C25772515C054100069F3D0 /* LDNStartupViewController.m in Sources */,
				1C36004E15F62781000E59B4 /* NSArrayExtensionsTests.m in Sources */,
				1C96F77D15FC2D11001B4779 /* LDNMessageManagerTests.m in Sources */,
				1C96F78215FC360E001B4779 /* NSObject+PeformBlock.m in Sources */,
				AA26261715FECB750083ACFF /* Constants.m in Sources */,
				AA26261C15FECBC50083ACFF /* LDNGoFishPlayerViewiPad.m in Sources */,
				1C5BDA031612374F0078D913 /* NSData+Additions.m in Sources */,
			);
			runOnlyForDeploymentPostprocessing = 0;
		};
		f67ac12aca8d29ae184c7c07 /* Sources */ = {
			isa = PBXSourcesBuildPhase;
			buildActionMask = 2147483647;
			files = (
				3c112a64771d2ca72134ecc1 /* main.m in Sources */,
				88bbe58d9ae842be5b556efd /* LDNAppDelegate.m in Sources */,
				d19c1605be530d1a19bd722f /* LDNViewController.m in Sources */,
				7d13af20a9ebf6c4631cfefd /* LDNGoFishGame.m in Sources */,
				09c0e9fab79d101cb2344b55 /* LDNGoFishPlayer.m in Sources */,
				b710473cc48db2ff2e653b99 /* LDNDeckOfCards.m in Sources */,
				95ee3b69da73241a5ed5d6a3 /* LDNPlayingCard.m in Sources */,
				6c1e2f88bf094fc3a2235efd /* LDNGoFishRobot.m in Sources */,
				1b215c765c2cee1b8691ec25 /* LDNStartupViewController.m in Sources */,
				1CA9C2D915C380EE0044E5C5 /* CustomGradientButton.m in Sources */,
				1C36004A15F62574000E59B4 /* NSArray+Extensions.m in Sources */,
				1CB5881F1669139100B87E79 /* CardAnimationViewController.m in Sources */,
				1CB58821166913AA00B87E79 /* LDNMessageManager.m in Sources */,
				1CB58822166913B500B87E79 /* LDNGoFishPlayerViewiPad.m in Sources */,
				1CB58823166913B800B87E79 /* LDNGoFishPlayerViewiPhone.m in Sources */,
				1CB58824166913CC00B87E79 /* LDNCardImage.m in Sources */,
				1CB58825166913EA00B87E79 /* LDNLoginController.m in Sources */,
				1CB588261669141C00B87E79 /* Constants.m in Sources */,
				1CB588271669141C00B87E79 /* NSObject+PeformBlock.m in Sources */,
				1CB588281669141C00B87E79 /* NSData+Additions.m in Sources */,
			);
			runOnlyForDeploymentPostprocessing = 0;
		};
/* End PBXSourcesBuildPhase section */

/* Begin PBXTargetDependency section */
		1C1FC7CA15BDC785009393A1 /* PBXTargetDependency */ = {
			isa = PBXTargetDependency;
			target = 1C1FC79F15BDC785009393A1 /* Go Fish */;
			targetProxy = 1C1FC7C915BDC785009393A1 /* PBXContainerItemProxy */;
		};
/* End PBXTargetDependency section */

/* Begin PBXVariantGroup section */
		1C1FC7AD15BDC785009393A1 /* InfoPlist.strings */ = {
			isa = PBXVariantGroup;
			children = (
				1C1FC7AE15BDC785009393A1 /* en */,
			);
			name = InfoPlist.strings;
			sourceTree = "<group>";
		};
		1C1FC7B615BDC785009393A1 /* MainStoryboard_iPhone.storyboard */ = {
			isa = PBXVariantGroup;
			children = (
				1C1FC7B715BDC785009393A1 /* en */,
			);
			name = MainStoryboard_iPhone.storyboard;
			sourceTree = "<group>";
		};
		1C1FC7B915BDC785009393A1 /* MainStoryboard_iPad.storyboard */ = {
			isa = PBXVariantGroup;
			children = (
				1C1FC7BA15BDC785009393A1 /* en */,
			);
			name = MainStoryboard_iPad.storyboard;
			sourceTree = "<group>";
		};
		1C1FC7CE15BDC785009393A1 /* InfoPlist.strings */ = {
			isa = PBXVariantGroup;
			children = (
				1C1FC7CF15BDC785009393A1 /* en */,
			);
			name = InfoPlist.strings;
			sourceTree = "<group>";
		};
/* End PBXVariantGroup section */

/* Begin XCBuildConfiguration section */
		12faff4d1ce261a3bc2feb19 /* Release */ = {
			isa = XCBuildConfiguration;
			buildSettings = {
				FRAMEWORK_SEARCH_PATHS = (
					"$(inherited)",
					"\"$(DEVELOPER_FRAMEWORKS_DIR)\"",
					"\"$(SRCROOT)\"",
				);
				GCC_PRECOMPILE_PREFIX_HEADER = YES;
				GCC_PREFIX_HEADER = "Go Fish/Go Fish-Prefix.pch";
				INFOPLIST_FILE = "Go Fish/Go Fish-Info.plist";
				OTHER_LDFLAGS = (
					"$(inherited)",
					"-force_load",
					"\"$(SRCROOT)/calabash.framework/calabash\"",
					"-lstdc++",
				);
				PRODUCT_NAME = "$(TARGET_NAME)";
				WRAPPER_EXTENSION = app;
			};
			name = Release;
		};
		1C1FC7D415BDC785009393A1 /* Debug */ = {
			isa = XCBuildConfiguration;
			buildSettings = {
				ALWAYS_SEARCH_USER_PATHS = NO;
				ARCHS = "$(ARCHS_STANDARD_32_BIT)";
				CLANG_ENABLE_OBJC_ARC = YES;
				"CODE_SIGN_IDENTITY[sdk=iphoneos*]" = "iPhone Developer";
				COPY_PHASE_STRIP = NO;
				GCC_C_LANGUAGE_STANDARD = gnu99;
				GCC_DYNAMIC_NO_PIC = NO;
				GCC_OPTIMIZATION_LEVEL = 0;
				GCC_PREPROCESSOR_DEFINITIONS = (
					"DEBUG=1",
					"$(inherited)",
				);
				GCC_SYMBOLS_PRIVATE_EXTERN = NO;
				GCC_VERSION = com.apple.compilers.llvm.clang.1_0;
				GCC_WARN_ABOUT_RETURN_TYPE = YES;
				GCC_WARN_UNINITIALIZED_AUTOS = YES;
				GCC_WARN_UNUSED_VARIABLE = YES;
				IPHONEOS_DEPLOYMENT_TARGET = 5.1;
				SDKROOT = iphoneos;
				TARGETED_DEVICE_FAMILY = "1,2";
			};
			name = Debug;
		};
		1C1FC7D515BDC785009393A1 /* Release */ = {
			isa = XCBuildConfiguration;
			buildSettings = {
				ALWAYS_SEARCH_USER_PATHS = NO;
				ARCHS = "$(ARCHS_STANDARD_32_BIT)";
				CLANG_ENABLE_OBJC_ARC = YES;
				"CODE_SIGN_IDENTITY[sdk=iphoneos*]" = "iPhone Developer";
				COPY_PHASE_STRIP = YES;
				GCC_C_LANGUAGE_STANDARD = gnu99;
				GCC_VERSION = com.apple.compilers.llvm.clang.1_0;
				GCC_WARN_ABOUT_RETURN_TYPE = YES;
				GCC_WARN_UNINITIALIZED_AUTOS = YES;
				GCC_WARN_UNUSED_VARIABLE = YES;
				IPHONEOS_DEPLOYMENT_TARGET = 5.1;
				OTHER_CFLAGS = "-DNS_BLOCK_ASSERTIONS=1";
				SDKROOT = iphoneos;
				TARGETED_DEVICE_FAMILY = "1,2";
				VALIDATE_PRODUCT = YES;
			};
			name = Release;
		};
		1C1FC7D715BDC785009393A1 /* Debug */ = {
			isa = XCBuildConfiguration;
			buildSettings = {
				FRAMEWORK_SEARCH_PATHS = (
					"$(inherited)",
					"\"$(DEVELOPER_FRAMEWORKS_DIR)\"",
					"\"$(SRCROOT)\"",
				);
				GCC_PRECOMPILE_PREFIX_HEADER = YES;
				GCC_PREFIX_HEADER = "Go Fish/Go Fish-Prefix.pch";
				INFOPLIST_FILE = "Go Fish/Go Fish-Info.plist";
				PRODUCT_NAME = "$(TARGET_NAME)";
				WRAPPER_EXTENSION = app;
			};
			name = Debug;
		};
		1C1FC7D815BDC785009393A1 /* Release */ = {
			isa = XCBuildConfiguration;
			buildSettings = {
				FRAMEWORK_SEARCH_PATHS = (
					"$(inherited)",
					"\"$(DEVELOPER_FRAMEWORKS_DIR)\"",
					"\"$(SRCROOT)\"",
				);
				GCC_PRECOMPILE_PREFIX_HEADER = YES;
				GCC_PREFIX_HEADER = "Go Fish/Go Fish-Prefix.pch";
				INFOPLIST_FILE = "Go Fish/Go Fish-Info.plist";
				PRODUCT_NAME = "$(TARGET_NAME)";
				WRAPPER_EXTENSION = app;
			};
			name = Release;
		};
		1C1FC7DA15BDC785009393A1 /* Debug */ = {
			isa = XCBuildConfiguration;
			buildSettings = {
				BUNDLE_LOADER = "$(BUILT_PRODUCTS_DIR)/Go Fish.app/Go Fish";
				FRAMEWORK_SEARCH_PATHS = (
					"$(SDKROOT)/Developer/Library/Frameworks",
					"$(DEVELOPER_LIBRARY_DIR)/Frameworks",
					"\"$(SRCROOT)\"",
				);
				GCC_PRECOMPILE_PREFIX_HEADER = YES;
				GCC_PREFIX_HEADER = "Go Fish/Go Fish-Prefix.pch";
				INFOPLIST_FILE = "Go FishTests/Go FishTests-Info.plist";
				LIBRARY_SEARCH_PATHS = "$(inherited)";
				PRODUCT_NAME = "$(TARGET_NAME)";
				TEST_HOST = "$(BUNDLE_LOADER)";
				WRAPPER_EXTENSION = octest;
			};
			name = Debug;
		};
		1C1FC7DB15BDC785009393A1 /* Release */ = {
			isa = XCBuildConfiguration;
			buildSettings = {
				BUNDLE_LOADER = "$(BUILT_PRODUCTS_DIR)/Go Fish.app/Go Fish";
				FRAMEWORK_SEARCH_PATHS = (
					"$(SDKROOT)/Developer/Library/Frameworks",
					"$(DEVELOPER_LIBRARY_DIR)/Frameworks",
					"\"$(SRCROOT)\"",
				);
				GCC_PRECOMPILE_PREFIX_HEADER = YES;
				GCC_PREFIX_HEADER = "Go Fish/Go Fish-Prefix.pch";
				INFOPLIST_FILE = "Go FishTests/Go FishTests-Info.plist";
				LIBRARY_SEARCH_PATHS = "$(inherited)";
				PRODUCT_NAME = "$(TARGET_NAME)";
				TEST_HOST = "$(BUNDLE_LOADER)";
				WRAPPER_EXTENSION = octest;
			};
			name = Release;
		};
		549d02d54a1c10bc42ac09e3 /* Debug */ = {
			isa = XCBuildConfiguration;
			buildSettings = {
				FRAMEWORK_SEARCH_PATHS = (
					"$(inherited)",
					"\"$(DEVELOPER_FRAMEWORKS_DIR)\"",
					"\"$(SRCROOT)\"",
				);
				GCC_PRECOMPILE_PREFIX_HEADER = YES;
				GCC_PREFIX_HEADER = "Go Fish/Go Fish-Prefix.pch";
				INFOPLIST_FILE = "Go Fish/Go Fish-Info.plist";
				OTHER_LDFLAGS = (
					"$(inherited)",
					"-force_load",
					"\"$(SRCROOT)/calabash.framework/calabash\"",
					"-lstdc++",
				);
				PRODUCT_NAME = "$(TARGET_NAME)";
				WRAPPER_EXTENSION = app;
			};
			name = Debug;
		};
/* End XCBuildConfiguration section */

/* Begin XCConfigurationList section */
		1C1FC79A15BDC785009393A1 /* Build configuration list for PBXProject "Go Fish" */ = {
			isa = XCConfigurationList;
			buildConfigurations = (
				1C1FC7D415BDC785009393A1 /* Debug */,
				1C1FC7D515BDC785009393A1 /* Release */,
			);
			defaultConfigurationIsVisible = 0;
			defaultConfigurationName = Release;
		};
		1C1FC7D615BDC785009393A1 /* Build configuration list for PBXNativeTarget "Go Fish" */ = {
			isa = XCConfigurationList;
			buildConfigurations = (
				1C1FC7D715BDC785009393A1 /* Debug */,
				1C1FC7D815BDC785009393A1 /* Release */,
			);
			defaultConfigurationIsVisible = 0;
			defaultConfigurationName = Release;
		};
		1C1FC7D915BDC785009393A1 /* Build configuration list for PBXNativeTarget "Go FishTests" */ = {
			isa = XCConfigurationList;
			buildConfigurations = (
				1C1FC7DA15BDC785009393A1 /* Debug */,
				1C1FC7DB15BDC785009393A1 /* Release */,
			);
			defaultConfigurationIsVisible = 0;
			defaultConfigurationName = Release;
		};
		8ffb0dcf2a0c4426ff2fc189 /* Build configuration list for PBXNativeTarget "Go Fish-cal" */ = {
			isa = XCConfigurationList;
			buildConfigurations = (
				549d02d54a1c10bc42ac09e3 /* Debug */,
				12faff4d1ce261a3bc2feb19 /* Release */,
			);
			defaultConfigurationIsVisible = 0;
			defaultConfigurationName = Release;
		};
/* End XCConfigurationList section */
	};
	rootObject = 1C1FC79715BDC785009393A1 /* Project object */;
}
